// !$*UTF8*$!
{
	archiveVersion = 1;
	classes = {
	};
	objectVersion = 46;
	objects = {

/* Begin PBXBuildFile section */
		3824A5DD1A538C3D00788E0E /* Grid-84.json in Resources */ = {isa = PBXBuildFile; fileRef = 3824A5DC1A538C3D00788E0E /* Grid-84.json */; };
		386CF5D91A383A98006A8381 /* AudioToolbox.framework in Frameworks */ = {isa = PBXBuildFile; fileRef = 386CF5D81A383A98006A8381 /* AudioToolbox.framework */; };
		386CF5DB1A383AFC006A8381 /* HDScene.m in Sources */ = {isa = PBXBuildFile; fileRef = 386CF5DA1A383AFC006A8381 /* HDScene.m */; };
		386CF6291A3982BA006A8381 /* SKEmitterNode+EmitterAdditions.m in Sources */ = {isa = PBXBuildFile; fileRef = 386CF6281A3982BA006A8381 /* SKEmitterNode+EmitterAdditions.m */; };
		386CF62D1A3A250D006A8381 /* Mellowtron.mp3 in Resources */ = {isa = PBXBuildFile; fileRef = 386CF62C1A3A250D006A8381 /* Mellowtron.mp3 */; };
		386CF62F1A3B6FA5006A8381 /* win.mp3 in Resources */ = {isa = PBXBuildFile; fileRef = 386CF62E1A3B6FA5006A8381 /* win.mp3 */; };
		3874B9A61A20736000400CEB /* HDAlertNode.m in Sources */ = {isa = PBXBuildFile; fileRef = 3874B9A51A20736000400CEB /* HDAlertNode.m */; };
		3879FECB1A6108F8002C2E1A /* HexusLogo@2x.png in Resources */ = {isa = PBXBuildFile; fileRef = 3879FECA1A6108F8002C2E1A /* HexusLogo@2x.png */; };
		3879FECD1A6113DA002C2E1A /* FillInTile@2x.png in Resources */ = {isa = PBXBuildFile; fileRef = 3879FECC1A6113DA002C2E1A /* FillInTile@2x.png */; };
		389E94F01A44A2F000F2DF05 /* HDGridScrollView.m in Sources */ = {isa = PBXBuildFile; fileRef = 389E94EF1A44A2F000F2DF05 /* HDGridScrollView.m */; };
		389E94F61A47DE7F00F2DF05 /* CoreMotion.framework in Frameworks */ = {isa = PBXBuildFile; fileRef = 389E94F51A47DE7F00F2DF05 /* CoreMotion.framework */; };
		389E94F81A488D5100F2DF05 /* Grid-76.json in Resources */ = {isa = PBXBuildFile; fileRef = 389E94F71A488D5100F2DF05 /* Grid-76.json */; };
		389E94FA1A488D5A00F2DF05 /* Grid-77.json in Resources */ = {isa = PBXBuildFile; fileRef = 389E94F91A488D5A00F2DF05 /* Grid-77.json */; };
		389E94FC1A488D6300F2DF05 /* Grid-78.json in Resources */ = {isa = PBXBuildFile; fileRef = 389E94FB1A488D6300F2DF05 /* Grid-78.json */; };
		389E94FE1A488D6E00F2DF05 /* Grid-79.json in Resources */ = {isa = PBXBuildFile; fileRef = 389E94FD1A488D6E00F2DF05 /* Grid-79.json */; };
		389E95001A488D7800F2DF05 /* Grid-80.json in Resources */ = {isa = PBXBuildFile; fileRef = 389E94FF1A488D7800F2DF05 /* Grid-80.json */; };
		389E95021A488D8300F2DF05 /* Grid-81.json in Resources */ = {isa = PBXBuildFile; fileRef = 389E95011A488D8300F2DF05 /* Grid-81.json */; };
		389E95041A488D8B00F2DF05 /* Grid-82.json in Resources */ = {isa = PBXBuildFile; fileRef = 389E95031A488D8B00F2DF05 /* Grid-82.json */; };
		389E95061A488D9800F2DF05 /* Grid-83.json in Resources */ = {isa = PBXBuildFile; fileRef = 389E95051A488D9800F2DF05 /* Grid-83.json */; };
		389E953D1A496FF400F2DF05 /* HDLockedView.m in Sources */ = {isa = PBXBuildFile; fileRef = 389E953C1A496FF400F2DF05 /* HDLockedView.m */; };
		389E95401A4A106200F2DF05 /* HDLockedViewController.m in Sources */ = {isa = PBXBuildFile; fileRef = 389E953F1A4A106200F2DF05 /* HDLockedViewController.m */; };
		389E95441A4A128100F2DF05 /* HDLevelsViewController.m in Sources */ = {isa = PBXBuildFile; fileRef = 389E95431A4A128100F2DF05 /* HDLevelsViewController.m */; };
		389E95D71A4C1A7F00F2DF05 /* HDNavigationBar.m in Sources */ = {isa = PBXBuildFile; fileRef = 389E95D61A4C1A7F00F2DF05 /* HDNavigationBar.m */; };
		38A50F291A57C66100DE9692 /* HDTutorialParentViewController.m in Sources */ = {isa = PBXBuildFile; fileRef = 38A50F281A57C66100DE9692 /* HDTutorialParentViewController.m */; };
		38A50F2C1A57C66E00DE9692 /* HDTutorialChildViewController.m in Sources */ = {isa = PBXBuildFile; fileRef = 38A50F2B1A57C66E00DE9692 /* HDTutorialChildViewController.m */; };
		38ABD5F21A4153A800C4321D /* HDHexagonButton.m in Sources */ = {isa = PBXBuildFile; fileRef = 38ABD5F11A4153A800C4321D /* HDHexagonButton.m */; };
		38ABD5F71A420A3500C4321D /* HDHexagonControl.m in Sources */ = {isa = PBXBuildFile; fileRef = 38ABD5F61A420A3500C4321D /* HDHexagonControl.m */; };
		38BAF5281A1FE10B004D5660 /* GameKit.framework in Frameworks */ = {isa = PBXBuildFile; fileRef = 38BAF5271A1FE10B004D5660 /* GameKit.framework */; };
		38BAF5411A1FFC64004D5660 /* HDGridViewController.m in Sources */ = {isa = PBXBuildFile; fileRef = 38BAF5401A1FFC64004D5660 /* HDGridViewController.m */; };
		38BDDCBF1A20F93A005035EE /* Grid-31.json in Resources */ = {isa = PBXBuildFile; fileRef = 38BDDCBE1A20F93A005035EE /* Grid-31.json */; };
		38BDDCC11A20F943005035EE /* Grid-32.json in Resources */ = {isa = PBXBuildFile; fileRef = 38BDDCC01A20F943005035EE /* Grid-32.json */; };
		38BDDCC31A20F94D005035EE /* Grid-33.json in Resources */ = {isa = PBXBuildFile; fileRef = 38BDDCC21A20F94D005035EE /* Grid-33.json */; };
		38BDDCC51A20F965005035EE /* Grid-34.json in Resources */ = {isa = PBXBuildFile; fileRef = 38BDDCC41A20F965005035EE /* Grid-34.json */; };
		38BDDCC71A20F96D005035EE /* Grid-35.json in Resources */ = {isa = PBXBuildFile; fileRef = 38BDDCC61A20F96D005035EE /* Grid-35.json */; };
		38BDDCC91A20F986005035EE /* Grid-36.json in Resources */ = {isa = PBXBuildFile; fileRef = 38BDDCC81A20F986005035EE /* Grid-36.json */; };
		38BDDCCB1A20F991005035EE /* Grid-37.json in Resources */ = {isa = PBXBuildFile; fileRef = 38BDDCCA1A20F991005035EE /* Grid-37.json */; };
		38BDDCCD1A20F9B1005035EE /* Grid-38.json in Resources */ = {isa = PBXBuildFile; fileRef = 38BDDCCC1A20F9B1005035EE /* Grid-38.json */; };
		38BDDCCF1A20F9BB005035EE /* Grid-39.json in Resources */ = {isa = PBXBuildFile; fileRef = 38BDDCCE1A20F9BB005035EE /* Grid-39.json */; };
		38BDDCD11A20F9C7005035EE /* Grid-40.json in Resources */ = {isa = PBXBuildFile; fileRef = 38BDDCD01A20F9C7005035EE /* Grid-40.json */; };
		38BDDCD31A20F9D2005035EE /* Grid-41.json in Resources */ = {isa = PBXBuildFile; fileRef = 38BDDCD21A20F9D2005035EE /* Grid-41.json */; };
		38BDDCD51A20F9E4005035EE /* Grid-42.json in Resources */ = {isa = PBXBuildFile; fileRef = 38BDDCD41A20F9E4005035EE /* Grid-42.json */; };
		38BDDCD71A20F9F6005035EE /* Grid-43.json in Resources */ = {isa = PBXBuildFile; fileRef = 38BDDCD61A20F9F6005035EE /* Grid-43.json */; };
		38BDDCD91A20F9FE005035EE /* Grid-44.json in Resources */ = {isa = PBXBuildFile; fileRef = 38BDDCD81A20F9FE005035EE /* Grid-44.json */; };
		38BDDCDB1A20FA07005035EE /* Grid-45.json in Resources */ = {isa = PBXBuildFile; fileRef = 38BDDCDA1A20FA07005035EE /* Grid-45.json */; };
		38BDDCDD1A20FA1D005035EE /* Grid-46.json in Resources */ = {isa = PBXBuildFile; fileRef = 38BDDCDC1A20FA1D005035EE /* Grid-46.json */; };
		38BDDCDF1A20FA29005035EE /* Grid-47.json in Resources */ = {isa = PBXBuildFile; fileRef = 38BDDCDE1A20FA29005035EE /* Grid-47.json */; };
		38BDDCE11A20FA32005035EE /* Grid-48.json in Resources */ = {isa = PBXBuildFile; fileRef = 38BDDCE01A20FA32005035EE /* Grid-48.json */; };
		38BDDCE31A20FA3A005035EE /* Grid-49.json in Resources */ = {isa = PBXBuildFile; fileRef = 38BDDCE21A20FA3A005035EE /* Grid-49.json */; };
		38BDDCE51A20FA50005035EE /* Grid-50.json in Resources */ = {isa = PBXBuildFile; fileRef = 38BDDCE41A20FA50005035EE /* Grid-50.json */; };
		38BDDCEA1A20FB5E005035EE /* Grid-51.json in Resources */ = {isa = PBXBuildFile; fileRef = 38BDDCE91A20FB5E005035EE /* Grid-51.json */; };
		38BDDCEC1A20FB67005035EE /* Grid-52.json in Resources */ = {isa = PBXBuildFile; fileRef = 38BDDCEB1A20FB67005035EE /* Grid-52.json */; };
		38BDDCEE1A20FB71005035EE /* Grid-53.json in Resources */ = {isa = PBXBuildFile; fileRef = 38BDDCED1A20FB71005035EE /* Grid-53.json */; };
		38BDDCF01A20FB78005035EE /* Grid-54.json in Resources */ = {isa = PBXBuildFile; fileRef = 38BDDCEF1A20FB78005035EE /* Grid-54.json */; };
		38BDDCF21A20FB80005035EE /* Grid-55.json in Resources */ = {isa = PBXBuildFile; fileRef = 38BDDCF11A20FB80005035EE /* Grid-55.json */; };
		38BDDCF41A20FB89005035EE /* Grid-56.json in Resources */ = {isa = PBXBuildFile; fileRef = 38BDDCF31A20FB89005035EE /* Grid-56.json */; };
		38BDDCF61A20FBA2005035EE /* Grid-57.json in Resources */ = {isa = PBXBuildFile; fileRef = 38BDDCF51A20FBA2005035EE /* Grid-57.json */; };
		38BDDCF81A20FBAA005035EE /* Grid-58.json in Resources */ = {isa = PBXBuildFile; fileRef = 38BDDCF71A20FBAA005035EE /* Grid-58.json */; };
		38BDDCFA1A20FBB2005035EE /* Grid-59.json in Resources */ = {isa = PBXBuildFile; fileRef = 38BDDCF91A20FBB2005035EE /* Grid-59.json */; };
		38BDDCFC1A20FBB8005035EE /* Grid-60.json in Resources */ = {isa = PBXBuildFile; fileRef = 38BDDCFB1A20FBB8005035EE /* Grid-60.json */; };
		38C0A8441A07251700C552F1 /* main.m in Sources */ = {isa = PBXBuildFile; fileRef = 38C0A8431A07251700C552F1 /* main.m */; };
		38C0A8471A07251700C552F1 /* AppDelegate.m in Sources */ = {isa = PBXBuildFile; fileRef = 38C0A8461A07251700C552F1 /* AppDelegate.m */; };
		38C0A84A1A07251700C552F1 /* HDGameViewController.m in Sources */ = {isa = PBXBuildFile; fileRef = 38C0A8491A07251700C552F1 /* HDGameViewController.m */; };
		38C0A84F1A07251700C552F1 /* Images.xcassets in Resources */ = {isa = PBXBuildFile; fileRef = 38C0A84E1A07251700C552F1 /* Images.xcassets */; };
		38C0A85E1A07251700C552F1 /* HexitSpriteKitTests.m in Sources */ = {isa = PBXBuildFile; fileRef = 38C0A85D1A07251700C552F1 /* HexitSpriteKitTests.m */; };
		38C0A86B1A0726A300C552F1 /* SpriteKit.framework in Frameworks */ = {isa = PBXBuildFile; fileRef = 38C0A86A1A0726A300C552F1 /* SpriteKit.framework */; };
		38C0A8721A07348400C552F1 /* SKColor+HDColor.m in Sources */ = {isa = PBXBuildFile; fileRef = 38C0A8711A07348400C552F1 /* SKColor+HDColor.m */; };
		38C0A8751A0758AC00C552F1 /* HDGridManager.m in Sources */ = {isa = PBXBuildFile; fileRef = 38C0A8741A0758AC00C552F1 /* HDGridManager.m */; };
		38C0A8781A075FBA00C552F1 /* HDHexagonNode.m in Sources */ = {isa = PBXBuildFile; fileRef = 38C0A8771A075FBA00C552F1 /* HDHexagonNode.m */; };
		38C1221E1A2C1C1E00224B33 /* Grid-61.json in Resources */ = {isa = PBXBuildFile; fileRef = 38C1221D1A2C1C1E00224B33 /* Grid-61.json */; };
		38C122201A2C1C3D00224B33 /* Grid-62.json in Resources */ = {isa = PBXBuildFile; fileRef = 38C1221F1A2C1C3D00224B33 /* Grid-62.json */; };
		38C122221A2C1C4700224B33 /* Grid-63.json in Resources */ = {isa = PBXBuildFile; fileRef = 38C122211A2C1C4700224B33 /* Grid-63.json */; };
		38C122241A2C1C4F00224B33 /* Grid-64.json in Resources */ = {isa = PBXBuildFile; fileRef = 38C122231A2C1C4F00224B33 /* Grid-64.json */; };
		38C122261A2C1C5600224B33 /* Grid-65.json in Resources */ = {isa = PBXBuildFile; fileRef = 38C122251A2C1C5600224B33 /* Grid-65.json */; };
		38C122281A2C1C6000224B33 /* Grid-66.json in Resources */ = {isa = PBXBuildFile; fileRef = 38C122271A2C1C6000224B33 /* Grid-66.json */; };
		38C1222A1A2C1C7A00224B33 /* Grid-67.json in Resources */ = {isa = PBXBuildFile; fileRef = 38C122291A2C1C7A00224B33 /* Grid-67.json */; };
		38C1222C1A2C1C8B00224B33 /* Grid-68.json in Resources */ = {isa = PBXBuildFile; fileRef = 38C1222B1A2C1C8B00224B33 /* Grid-68.json */; };
		38C1222E1A2C1C9400224B33 /* Grid-69.json in Resources */ = {isa = PBXBuildFile; fileRef = 38C1222D1A2C1C9400224B33 /* Grid-69.json */; };
		38C122301A2C1CA200224B33 /* Grid-70.json in Resources */ = {isa = PBXBuildFile; fileRef = 38C1222F1A2C1CA200224B33 /* Grid-70.json */; };
		38C122321A2C1CAA00224B33 /* Grid-71.json in Resources */ = {isa = PBXBuildFile; fileRef = 38C122311A2C1CAA00224B33 /* Grid-71.json */; };
		38C122341A2C1CB500224B33 /* Grid-72.json in Resources */ = {isa = PBXBuildFile; fileRef = 38C122331A2C1CB500224B33 /* Grid-72.json */; };
		38C122361A2C1CBD00224B33 /* Grid-73.json in Resources */ = {isa = PBXBuildFile; fileRef = 38C122351A2C1CBD00224B33 /* Grid-73.json */; };
		38C122381A2C1CC300224B33 /* Grid-74.json in Resources */ = {isa = PBXBuildFile; fileRef = 38C122371A2C1CC300224B33 /* Grid-74.json */; };
		38C1223A1A2C1CCB00224B33 /* Grid-75.json in Resources */ = {isa = PBXBuildFile; fileRef = 38C122391A2C1CCB00224B33 /* Grid-75.json */; };
		38C1223D1A2C29DC00224B33 /* HDSoundManager.m in Sources */ = {isa = PBXBuildFile; fileRef = 38C1223C1A2C29DC00224B33 /* HDSoundManager.m */; };
		38C1223F1A2C2A0E00224B33 /* menuClicked.wav in Resources */ = {isa = PBXBuildFile; fileRef = 38C1223E1A2C2A0E00224B33 /* menuClicked.wav */; };
		38C122411A2C2EDE00224B33 /* Swooshed.mp3 in Resources */ = {isa = PBXBuildFile; fileRef = 38C122401A2C2EDE00224B33 /* Swooshed.mp3 */; };
		38C122461A2C4D8300224B33 /* AVFoundation.framework in Frameworks */ = {isa = PBXBuildFile; fileRef = 38C122451A2C4D8300224B33 /* AVFoundation.framework */; };
		38C122481A2C519D00224B33 /* QuartzCore.framework in Frameworks */ = {isa = PBXBuildFile; fileRef = 38C122471A2C519D00224B33 /* QuartzCore.framework */; };
		38C2E13B1A2671F3008D5F33 /* HDLevelGenerator.m in Sources */ = {isa = PBXBuildFile; fileRef = 38C2E13A1A2671F3008D5F33 /* HDLevelGenerator.m */; };
		38C67CD71A0AB8D80038526C /* HDWelcomeViewController.m in Sources */ = {isa = PBXBuildFile; fileRef = 38C67CD61A0AB8D80038526C /* HDWelcomeViewController.m */; };
		38C67CDD1A0AB9350038526C /* UIColor+FlatColors.m in Sources */ = {isa = PBXBuildFile; fileRef = 38C67CDC1A0AB9350038526C /* UIColor+FlatColors.m */; };
		38C67CE31A0ABD050038526C /* HDHelper.m in Sources */ = {isa = PBXBuildFile; fileRef = 38C67CE21A0ABD050038526C /* HDHelper.m */; };
		38C67CE81A0ABF0E0038526C /* HDConstants.m in Sources */ = {isa = PBXBuildFile; fileRef = 38C67CE71A0ABF0E0038526C /* HDConstants.m */; };
		38C67CED1A0ACE040038526C /* Grid-2.json in Resources */ = {isa = PBXBuildFile; fileRef = 38C67CEC1A0ACE040038526C /* Grid-2.json */; };
		38C67CEF1A0ACE0C0038526C /* Grid-3.json in Resources */ = {isa = PBXBuildFile; fileRef = 38C67CEE1A0ACE0C0038526C /* Grid-3.json */; };
		38C67CF11A0ACE150038526C /* Grid-4.json in Resources */ = {isa = PBXBuildFile; fileRef = 38C67CF01A0ACE150038526C /* Grid-4.json */; };
		38C67CF31A0ACE1D0038526C /* Grid-5.json in Resources */ = {isa = PBXBuildFile; fileRef = 38C67CF21A0ACE1D0038526C /* Grid-5.json */; };
		38C67CF51A0ACE230038526C /* Grid-6.json in Resources */ = {isa = PBXBuildFile; fileRef = 38C67CF41A0ACE230038526C /* Grid-6.json */; };
		38C67CF71A0ACE2C0038526C /* Grid-7.json in Resources */ = {isa = PBXBuildFile; fileRef = 38C67CF61A0ACE2C0038526C /* Grid-7.json */; };
		38C67CF91A0ACE340038526C /* Grid-8.json in Resources */ = {isa = PBXBuildFile; fileRef = 38C67CF81A0ACE340038526C /* Grid-8.json */; };
		38C67CFB1A0ACE3C0038526C /* Grid-9.json in Resources */ = {isa = PBXBuildFile; fileRef = 38C67CFA1A0ACE3C0038526C /* Grid-9.json */; };
		38C67CFD1A0ACE450038526C /* Grid-10.json in Resources */ = {isa = PBXBuildFile; fileRef = 38C67CFC1A0ACE450038526C /* Grid-10.json */; };
		38C67CFF1A0ACE4D0038526C /* Grid-11.json in Resources */ = {isa = PBXBuildFile; fileRef = 38C67CFE1A0ACE4D0038526C /* Grid-11.json */; };
		38C67D011A0ACE530038526C /* Grid-12.json in Resources */ = {isa = PBXBuildFile; fileRef = 38C67D001A0ACE530038526C /* Grid-12.json */; };
		38C67D031A0ACE5B0038526C /* Grid-13.json in Resources */ = {isa = PBXBuildFile; fileRef = 38C67D021A0ACE5B0038526C /* Grid-13.json */; };
		38C67D051A0ACE620038526C /* Grid-14.json in Resources */ = {isa = PBXBuildFile; fileRef = 38C67D041A0ACE620038526C /* Grid-14.json */; };
		38C67D071A0ACE690038526C /* Grid-15.json in Resources */ = {isa = PBXBuildFile; fileRef = 38C67D061A0ACE690038526C /* Grid-15.json */; };
		38C67D091A0AE3820038526C /* Grid-16.json in Resources */ = {isa = PBXBuildFile; fileRef = 38C67D081A0AE3820038526C /* Grid-16.json */; };
		38C67D0B1A0AE3890038526C /* Grid-17.json in Resources */ = {isa = PBXBuildFile; fileRef = 38C67D0A1A0AE3890038526C /* Grid-17.json */; };
		38C67D0D1A0AE3990038526C /* Grid-18.json in Resources */ = {isa = PBXBuildFile; fileRef = 38C67D0C1A0AE3990038526C /* Grid-18.json */; };
		38C67D0F1A0AE3A00038526C /* Grid-19.json in Resources */ = {isa = PBXBuildFile; fileRef = 38C67D0E1A0AE3A00038526C /* Grid-19.json */; };
		38C67D111A0AE3A90038526C /* Grid-20.json in Resources */ = {isa = PBXBuildFile; fileRef = 38C67D101A0AE3A90038526C /* Grid-20.json */; };
		38C67D131A0AE3B00038526C /* Grid-21.json in Resources */ = {isa = PBXBuildFile; fileRef = 38C67D121A0AE3B00038526C /* Grid-21.json */; };
		38C67D151A0AE3B80038526C /* Grid-22.json in Resources */ = {isa = PBXBuildFile; fileRef = 38C67D141A0AE3B80038526C /* Grid-22.json */; };
		38C67D171A0AE3C10038526C /* Grid-23.json in Resources */ = {isa = PBXBuildFile; fileRef = 38C67D161A0AE3C10038526C /* Grid-23.json */; };
		38C67D191A0AE3C90038526C /* Grid-24.json in Resources */ = {isa = PBXBuildFile; fileRef = 38C67D181A0AE3C90038526C /* Grid-24.json */; };
		38C67D1B1A0AE3DA0038526C /* Grid-25.json in Resources */ = {isa = PBXBuildFile; fileRef = 38C67D1A1A0AE3DA0038526C /* Grid-25.json */; };
		38C67D1D1A0AE3E90038526C /* Grid-26.json in Resources */ = {isa = PBXBuildFile; fileRef = 38C67D1C1A0AE3E90038526C /* Grid-26.json */; };
		38C67D1F1A0AE3F30038526C /* Grid-27.json in Resources */ = {isa = PBXBuildFile; fileRef = 38C67D1E1A0AE3F30038526C /* Grid-27.json */; };
		38C67D211A0AE3FD0038526C /* Grid-28.json in Resources */ = {isa = PBXBuildFile; fileRef = 38C67D201A0AE3FD0038526C /* Grid-28.json */; };
		38C67D231A0AE4060038526C /* Grid-29.json in Resources */ = {isa = PBXBuildFile; fileRef = 38C67D221A0AE4060038526C /* Grid-29.json */; };
		38C67D251A0AE4100038526C /* Grid-30.json in Resources */ = {isa = PBXBuildFile; fileRef = 38C67D241A0AE4100038526C /* Grid-30.json */; };
		38C67D281A0AEA490038526C /* HDMapManager.m in Sources */ = {isa = PBXBuildFile; fileRef = 38C67D271A0AEA490038526C /* HDMapManager.m */; };
		38C67D2C1A0AEBD50038526C /* HDGameCenterManager.m in Sources */ = {isa = PBXBuildFile; fileRef = 38C67D2B1A0AEBD50038526C /* HDGameCenterManager.m */; };
		38C67D2F1A0AF3960038526C /* NSMutableArray+UniqueAdditions.m in Sources */ = {isa = PBXBuildFile; fileRef = 38C67D2E1A0AF3960038526C /* NSMutableArray+UniqueAdditions.m */; };
		38C67D311A0B149F0038526C /* 104947__glaneur-de-sons__bubble-8.wav in Resources */ = {isa = PBXBuildFile; fileRef = 38C67D301A0B149F0038526C /* 104947__glaneur-de-sons__bubble-8.wav */; };
		38D070931A578F37009F18FB /* HDSettingsViewController.m in Sources */ = {isa = PBXBuildFile; fileRef = 38D070921A578F37009F18FB /* HDSettingsViewController.m */; };
		38D4247A1A4F6C1A00FD21A2 /* B2.m4a in Resources */ = {isa = PBXBuildFile; fileRef = 38D424571A4F6C1A00FD21A2 /* B2.m4a */; };
		38D4247B1A4F6C1A00FD21A2 /* A2.m4a in Resources */ = {isa = PBXBuildFile; fileRef = 38D424581A4F6C1A00FD21A2 /* A2.m4a */; };
		38D4247C1A4F6C1A00FD21A2 /* G2.m4a in Resources */ = {isa = PBXBuildFile; fileRef = 38D424591A4F6C1A00FD21A2 /* G2.m4a */; };
		38D4247D1A4F6C1A00FD21A2 /* F2.m4a in Resources */ = {isa = PBXBuildFile; fileRef = 38D4245A1A4F6C1A00FD21A2 /* F2.m4a */; };
		38D4247E1A4F6C1A00FD21A2 /* E2.m4a in Resources */ = {isa = PBXBuildFile; fileRef = 38D4245B1A4F6C1A00FD21A2 /* E2.m4a */; };
		38D4247F1A4F6C1A00FD21A2 /* D2.m4a in Resources */ = {isa = PBXBuildFile; fileRef = 38D4245C1A4F6C1A00FD21A2 /* D2.m4a */; };
		38D424801A4F6C1A00FD21A2 /* C2.m4a in Resources */ = {isa = PBXBuildFile; fileRef = 38D4245D1A4F6C1A00FD21A2 /* C2.m4a */; };
		38D424811A4F6C1A00FD21A2 /* B6.m4a in Resources */ = {isa = PBXBuildFile; fileRef = 38D4245E1A4F6C1A00FD21A2 /* B6.m4a */; };
		38D424821A4F6C1A00FD21A2 /* A6.m4a in Resources */ = {isa = PBXBuildFile; fileRef = 38D4245F1A4F6C1A00FD21A2 /* A6.m4a */; };
		38D424831A4F6C1A00FD21A2 /* G6.m4a in Resources */ = {isa = PBXBuildFile; fileRef = 38D424601A4F6C1A00FD21A2 /* G6.m4a */; };
		38D424841A4F6C1A00FD21A2 /* F6.m4a in Resources */ = {isa = PBXBuildFile; fileRef = 38D424611A4F6C1A00FD21A2 /* F6.m4a */; };
		38D424851A4F6C1A00FD21A2 /* E6.m4a in Resources */ = {isa = PBXBuildFile; fileRef = 38D424621A4F6C1A00FD21A2 /* E6.m4a */; };
		38D424861A4F6C1A00FD21A2 /* D6.m4a in Resources */ = {isa = PBXBuildFile; fileRef = 38D424631A4F6C1A00FD21A2 /* D6.m4a */; };
		38D424871A4F6C1A00FD21A2 /* C6.m4a in Resources */ = {isa = PBXBuildFile; fileRef = 38D424641A4F6C1A00FD21A2 /* C6.m4a */; };
		38D424881A4F6C1A00FD21A2 /* B5.m4a in Resources */ = {isa = PBXBuildFile; fileRef = 38D424651A4F6C1A00FD21A2 /* B5.m4a */; };
		38D424891A4F6C1A00FD21A2 /* A5.m4a in Resources */ = {isa = PBXBuildFile; fileRef = 38D424661A4F6C1A00FD21A2 /* A5.m4a */; };
		38D4248A1A4F6C1A00FD21A2 /* G5.m4a in Resources */ = {isa = PBXBuildFile; fileRef = 38D424671A4F6C1A00FD21A2 /* G5.m4a */; };
		38D4248B1A4F6C1A00FD21A2 /* F5.m4a in Resources */ = {isa = PBXBuildFile; fileRef = 38D424681A4F6C1A00FD21A2 /* F5.m4a */; };
		38D4248C1A4F6C1A00FD21A2 /* E5.m4a in Resources */ = {isa = PBXBuildFile; fileRef = 38D424691A4F6C1A00FD21A2 /* E5.m4a */; };
		38D4248D1A4F6C1A00FD21A2 /* D5.m4a in Resources */ = {isa = PBXBuildFile; fileRef = 38D4246A1A4F6C1A00FD21A2 /* D5.m4a */; };
		38D4248E1A4F6C1A00FD21A2 /* C5.m4a in Resources */ = {isa = PBXBuildFile; fileRef = 38D4246B1A4F6C1A00FD21A2 /* C5.m4a */; };
		38D4248F1A4F6C1A00FD21A2 /* B4.m4a in Resources */ = {isa = PBXBuildFile; fileRef = 38D4246C1A4F6C1A00FD21A2 /* B4.m4a */; };
		38D424901A4F6C1A00FD21A2 /* A4.m4a in Resources */ = {isa = PBXBuildFile; fileRef = 38D4246D1A4F6C1A00FD21A2 /* A4.m4a */; };
		38D424911A4F6C1A00FD21A2 /* G4.m4a in Resources */ = {isa = PBXBuildFile; fileRef = 38D4246E1A4F6C1A00FD21A2 /* G4.m4a */; };
		38D424921A4F6C1A00FD21A2 /* F4.m4a in Resources */ = {isa = PBXBuildFile; fileRef = 38D4246F1A4F6C1A00FD21A2 /* F4.m4a */; };
		38D424931A4F6C1A00FD21A2 /* E4.m4a in Resources */ = {isa = PBXBuildFile; fileRef = 38D424701A4F6C1A00FD21A2 /* E4.m4a */; };
		38D424941A4F6C1A00FD21A2 /* D4.m4a in Resources */ = {isa = PBXBuildFile; fileRef = 38D424711A4F6C1A00FD21A2 /* D4.m4a */; };
		38D424951A4F6C1A00FD21A2 /* C4.m4a in Resources */ = {isa = PBXBuildFile; fileRef = 38D424721A4F6C1A00FD21A2 /* C4.m4a */; };
		38D424961A4F6C1A00FD21A2 /* B3.m4a in Resources */ = {isa = PBXBuildFile; fileRef = 38D424731A4F6C1A00FD21A2 /* B3.m4a */; };
		38D424971A4F6C1A00FD21A2 /* A3.m4a in Resources */ = {isa = PBXBuildFile; fileRef = 38D424741A4F6C1A00FD21A2 /* A3.m4a */; };
		38D424981A4F6C1A00FD21A2 /* G3.m4a in Resources */ = {isa = PBXBuildFile; fileRef = 38D424751A4F6C1A00FD21A2 /* G3.m4a */; };
		38D424991A4F6C1A00FD21A2 /* F3.m4a in Resources */ = {isa = PBXBuildFile; fileRef = 38D424761A4F6C1A00FD21A2 /* F3.m4a */; };
		38D4249A1A4F6C1A00FD21A2 /* E3.m4a in Resources */ = {isa = PBXBuildFile; fileRef = 38D424771A4F6C1A00FD21A2 /* E3.m4a */; };
		38D4249B1A4F6C1A00FD21A2 /* D3.m4a in Resources */ = {isa = PBXBuildFile; fileRef = 38D424781A4F6C1A00FD21A2 /* D3.m4a */; };
		38D4249C1A4F6C1A00FD21A2 /* C3.m4a in Resources */ = {isa = PBXBuildFile; fileRef = 38D424791A4F6C1A00FD21A2 /* C3.m4a */; };
		38F5A6B61A076B960036750A /* HDLevel.m in Sources */ = {isa = PBXBuildFile; fileRef = 38F5A6B51A076B960036750A /* HDLevel.m */; };
		38F5A6B91A07F2FA0036750A /* Grid-1.json in Resources */ = {isa = PBXBuildFile; fileRef = 38F5A6B71A07F2FA0036750A /* Grid-1.json */; };
		38F5A6BD1A08014F0036750A /* HDHexagon.m in Sources */ = {isa = PBXBuildFile; fileRef = 38F5A6BC1A08014F0036750A /* HDHexagon.m */; };
		38F919251A37BF6A00249361 /* iAd.framework in Frameworks */ = {isa = PBXBuildFile; fileRef = 38F919241A37BF6A00249361 /* iAd.framework */; };
		38FDF9B51A1BEF1F005CCFE1 /* HDSettingsManager.m in Sources */ = {isa = PBXBuildFile; fileRef = 38FDF9B41A1BEF1F005CCFE1 /* HDSettingsManager.m */; };
/* End PBXBuildFile section */

/* Begin PBXContainerItemProxy section */
		38C0A8581A07251700C552F1 /* PBXContainerItemProxy */ = {
			isa = PBXContainerItemProxy;
			containerPortal = 38C0A8361A07251600C552F1 /* Project object */;
			proxyType = 1;
			remoteGlobalIDString = 38C0A83D1A07251700C552F1;
			remoteInfo = HexitSpriteKit;
		};
/* End PBXContainerItemProxy section */

/* Begin PBXFileReference section */
		3824A5DC1A538C3D00788E0E /* Grid-84.json */ = {isa = PBXFileReference; fileEncoding = 4; lastKnownFileType = text.json; path = "Grid-84.json"; sourceTree = "<group>"; };
		386CF5D81A383A98006A8381 /* AudioToolbox.framework */ = {isa = PBXFileReference; lastKnownFileType = wrapper.framework; name = AudioToolbox.framework; path = System/Library/Frameworks/AudioToolbox.framework; sourceTree = SDKROOT; };
		386CF5DA1A383AFC006A8381 /* HDScene.m */ = {isa = PBXFileReference; fileEncoding = 4; lastKnownFileType = sourcecode.c.objc; path = HDScene.m; sourceTree = "<group>"; };
		386CF6271A3982BA006A8381 /* SKEmitterNode+EmitterAdditions.h */ = {isa = PBXFileReference; fileEncoding = 4; lastKnownFileType = sourcecode.c.h; path = "SKEmitterNode+EmitterAdditions.h"; sourceTree = "<group>"; };
		386CF6281A3982BA006A8381 /* SKEmitterNode+EmitterAdditions.m */ = {isa = PBXFileReference; fileEncoding = 4; lastKnownFileType = sourcecode.c.objc; path = "SKEmitterNode+EmitterAdditions.m"; sourceTree = "<group>"; };
		386CF62C1A3A250D006A8381 /* Mellowtron.mp3 */ = {isa = PBXFileReference; lastKnownFileType = audio.mp3; path = Mellowtron.mp3; sourceTree = "<group>"; };
		386CF62E1A3B6FA5006A8381 /* win.mp3 */ = {isa = PBXFileReference; lastKnownFileType = audio.mp3; path = win.mp3; sourceTree = "<group>"; };
		3874B9A41A20736000400CEB /* HDAlertNode.h */ = {isa = PBXFileReference; fileEncoding = 4; lastKnownFileType = sourcecode.c.h; path = HDAlertNode.h; sourceTree = "<group>"; };
		3874B9A51A20736000400CEB /* HDAlertNode.m */ = {isa = PBXFileReference; fileEncoding = 4; lastKnownFileType = sourcecode.c.objc; path = HDAlertNode.m; sourceTree = "<group>"; };
		3879FECA1A6108F8002C2E1A /* HexusLogo@2x.png */ = {isa = PBXFileReference; lastKnownFileType = image.png; path = "HexusLogo@2x.png"; sourceTree = "<group>"; };
		3879FECC1A6113DA002C2E1A /* FillInTile@2x.png */ = {isa = PBXFileReference; lastKnownFileType = image.png; path = "FillInTile@2x.png"; sourceTree = "<group>"; };
		389E94EE1A44A2F000F2DF05 /* HDGridScrollView.h */ = {isa = PBXFileReference; fileEncoding = 4; lastKnownFileType = sourcecode.c.h; path = HDGridScrollView.h; sourceTree = "<group>"; };
		389E94EF1A44A2F000F2DF05 /* HDGridScrollView.m */ = {isa = PBXFileReference; fileEncoding = 4; lastKnownFileType = sourcecode.c.objc; path = HDGridScrollView.m; sourceTree = "<group>"; };
		389E94F51A47DE7F00F2DF05 /* CoreMotion.framework */ = {isa = PBXFileReference; lastKnownFileType = wrapper.framework; name = CoreMotion.framework; path = System/Library/Frameworks/CoreMotion.framework; sourceTree = SDKROOT; };
		389E94F71A488D5100F2DF05 /* Grid-76.json */ = {isa = PBXFileReference; fileEncoding = 4; lastKnownFileType = text.json; path = "Grid-76.json"; sourceTree = "<group>"; };
		389E94F91A488D5A00F2DF05 /* Grid-77.json */ = {isa = PBXFileReference; fileEncoding = 4; lastKnownFileType = text.json; path = "Grid-77.json"; sourceTree = "<group>"; };
		389E94FB1A488D6300F2DF05 /* Grid-78.json */ = {isa = PBXFileReference; fileEncoding = 4; lastKnownFileType = text.json; path = "Grid-78.json"; sourceTree = "<group>"; };
		389E94FD1A488D6E00F2DF05 /* Grid-79.json */ = {isa = PBXFileReference; fileEncoding = 4; lastKnownFileType = text.json; path = "Grid-79.json"; sourceTree = "<group>"; };
		389E94FF1A488D7800F2DF05 /* Grid-80.json */ = {isa = PBXFileReference; fileEncoding = 4; lastKnownFileType = text.json; path = "Grid-80.json"; sourceTree = "<group>"; };
		389E95011A488D8300F2DF05 /* Grid-81.json */ = {isa = PBXFileReference; fileEncoding = 4; lastKnownFileType = text.json; path = "Grid-81.json"; sourceTree = "<group>"; };
		389E95031A488D8B00F2DF05 /* Grid-82.json */ = {isa = PBXFileReference; fileEncoding = 4; lastKnownFileType = text.json; path = "Grid-82.json"; sourceTree = "<group>"; };
		389E95051A488D9800F2DF05 /* Grid-83.json */ = {isa = PBXFileReference; fileEncoding = 4; lastKnownFileType = text.json; path = "Grid-83.json"; sourceTree = "<group>"; };
		389E953B1A496FF400F2DF05 /* HDLockedView.h */ = {isa = PBXFileReference; fileEncoding = 4; lastKnownFileType = sourcecode.c.h; path = HDLockedView.h; sourceTree = "<group>"; };
		389E953C1A496FF400F2DF05 /* HDLockedView.m */ = {isa = PBXFileReference; fileEncoding = 4; lastKnownFileType = sourcecode.c.objc; path = HDLockedView.m; sourceTree = "<group>"; };
		389E953E1A4A106200F2DF05 /* HDLockedViewController.h */ = {isa = PBXFileReference; fileEncoding = 4; lastKnownFileType = sourcecode.c.h; path = HDLockedViewController.h; sourceTree = "<group>"; };
		389E953F1A4A106200F2DF05 /* HDLockedViewController.m */ = {isa = PBXFileReference; fileEncoding = 4; lastKnownFileType = sourcecode.c.objc; path = HDLockedViewController.m; sourceTree = "<group>"; };
		389E95421A4A128100F2DF05 /* HDLevelsViewController.h */ = {isa = PBXFileReference; fileEncoding = 4; lastKnownFileType = sourcecode.c.h; path = HDLevelsViewController.h; sourceTree = "<group>"; };
		389E95431A4A128100F2DF05 /* HDLevelsViewController.m */ = {isa = PBXFileReference; fileEncoding = 4; lastKnownFileType = sourcecode.c.objc; path = HDLevelsViewController.m; sourceTree = "<group>"; };
		389E95D51A4C1A7F00F2DF05 /* HDNavigationBar.h */ = {isa = PBXFileReference; fileEncoding = 4; lastKnownFileType = sourcecode.c.h; path = HDNavigationBar.h; sourceTree = "<group>"; };
		389E95D61A4C1A7F00F2DF05 /* HDNavigationBar.m */ = {isa = PBXFileReference; fileEncoding = 4; lastKnownFileType = sourcecode.c.objc; path = HDNavigationBar.m; sourceTree = "<group>"; };
		38A50F271A57C66100DE9692 /* HDTutorialParentViewController.h */ = {isa = PBXFileReference; fileEncoding = 4; lastKnownFileType = sourcecode.c.h; path = HDTutorialParentViewController.h; sourceTree = "<group>"; };
		38A50F281A57C66100DE9692 /* HDTutorialParentViewController.m */ = {isa = PBXFileReference; fileEncoding = 4; lastKnownFileType = sourcecode.c.objc; path = HDTutorialParentViewController.m; sourceTree = "<group>"; };
		38A50F2A1A57C66E00DE9692 /* HDTutorialChildViewController.h */ = {isa = PBXFileReference; fileEncoding = 4; lastKnownFileType = sourcecode.c.h; path = HDTutorialChildViewController.h; sourceTree = "<group>"; };
		38A50F2B1A57C66E00DE9692 /* HDTutorialChildViewController.m */ = {isa = PBXFileReference; fileEncoding = 4; lastKnownFileType = sourcecode.c.objc; path = HDTutorialChildViewController.m; sourceTree = "<group>"; };
		38ABD5F01A4153A800C4321D /* HDHexagonButton.h */ = {isa = PBXFileReference; fileEncoding = 4; lastKnownFileType = sourcecode.c.h; path = HDHexagonButton.h; sourceTree = "<group>"; };
		38ABD5F11A4153A800C4321D /* HDHexagonButton.m */ = {isa = PBXFileReference; fileEncoding = 4; lastKnownFileType = sourcecode.c.objc; path = HDHexagonButton.m; sourceTree = "<group>"; };
		38ABD5F51A420A3500C4321D /* HDHexagonControl.h */ = {isa = PBXFileReference; fileEncoding = 4; lastKnownFileType = sourcecode.c.h; path = HDHexagonControl.h; sourceTree = "<group>"; };
		38ABD5F61A420A3500C4321D /* HDHexagonControl.m */ = {isa = PBXFileReference; fileEncoding = 4; lastKnownFileType = sourcecode.c.objc; path = HDHexagonControl.m; sourceTree = "<group>"; };
		38BAF5271A1FE10B004D5660 /* GameKit.framework */ = {isa = PBXFileReference; lastKnownFileType = wrapper.framework; name = GameKit.framework; path = System/Library/Frameworks/GameKit.framework; sourceTree = SDKROOT; };
		38BAF53F1A1FFC64004D5660 /* HDGridViewController.h */ = {isa = PBXFileReference; fileEncoding = 4; lastKnownFileType = sourcecode.c.h; path = HDGridViewController.h; sourceTree = "<group>"; };
		38BAF5401A1FFC64004D5660 /* HDGridViewController.m */ = {isa = PBXFileReference; fileEncoding = 4; lastKnownFileType = sourcecode.c.objc; path = HDGridViewController.m; sourceTree = "<group>"; };
		38BDDCBE1A20F93A005035EE /* Grid-31.json */ = {isa = PBXFileReference; fileEncoding = 4; lastKnownFileType = text.json; path = "Grid-31.json"; sourceTree = "<group>"; };
		38BDDCC01A20F943005035EE /* Grid-32.json */ = {isa = PBXFileReference; fileEncoding = 4; lastKnownFileType = text.json; path = "Grid-32.json"; sourceTree = "<group>"; };
		38BDDCC21A20F94D005035EE /* Grid-33.json */ = {isa = PBXFileReference; fileEncoding = 4; lastKnownFileType = text.json; path = "Grid-33.json"; sourceTree = "<group>"; };
		38BDDCC41A20F965005035EE /* Grid-34.json */ = {isa = PBXFileReference; fileEncoding = 4; lastKnownFileType = text.json; path = "Grid-34.json"; sourceTree = "<group>"; };
		38BDDCC61A20F96D005035EE /* Grid-35.json */ = {isa = PBXFileReference; fileEncoding = 4; lastKnownFileType = text.json; path = "Grid-35.json"; sourceTree = "<group>"; };
		38BDDCC81A20F986005035EE /* Grid-36.json */ = {isa = PBXFileReference; fileEncoding = 4; lastKnownFileType = text.json; path = "Grid-36.json"; sourceTree = "<group>"; };
		38BDDCCA1A20F991005035EE /* Grid-37.json */ = {isa = PBXFileReference; fileEncoding = 4; lastKnownFileType = text.json; path = "Grid-37.json"; sourceTree = "<group>"; };
		38BDDCCC1A20F9B1005035EE /* Grid-38.json */ = {isa = PBXFileReference; fileEncoding = 4; lastKnownFileType = text.json; path = "Grid-38.json"; sourceTree = "<group>"; };
		38BDDCCE1A20F9BB005035EE /* Grid-39.json */ = {isa = PBXFileReference; fileEncoding = 4; lastKnownFileType = text.json; path = "Grid-39.json"; sourceTree = "<group>"; };
		38BDDCD01A20F9C7005035EE /* Grid-40.json */ = {isa = PBXFileReference; fileEncoding = 4; lastKnownFileType = text.json; path = "Grid-40.json"; sourceTree = "<group>"; };
		38BDDCD21A20F9D2005035EE /* Grid-41.json */ = {isa = PBXFileReference; fileEncoding = 4; lastKnownFileType = text.json; path = "Grid-41.json"; sourceTree = "<group>"; };
		38BDDCD41A20F9E4005035EE /* Grid-42.json */ = {isa = PBXFileReference; fileEncoding = 4; lastKnownFileType = text.json; path = "Grid-42.json"; sourceTree = "<group>"; };
		38BDDCD61A20F9F6005035EE /* Grid-43.json */ = {isa = PBXFileReference; fileEncoding = 4; lastKnownFileType = text.json; path = "Grid-43.json"; sourceTree = "<group>"; };
		38BDDCD81A20F9FE005035EE /* Grid-44.json */ = {isa = PBXFileReference; fileEncoding = 4; lastKnownFileType = text.json; path = "Grid-44.json"; sourceTree = "<group>"; };
		38BDDCDA1A20FA07005035EE /* Grid-45.json */ = {isa = PBXFileReference; fileEncoding = 4; lastKnownFileType = text.json; path = "Grid-45.json"; sourceTree = "<group>"; };
		38BDDCDC1A20FA1D005035EE /* Grid-46.json */ = {isa = PBXFileReference; fileEncoding = 4; lastKnownFileType = text.json; path = "Grid-46.json"; sourceTree = "<group>"; };
		38BDDCDE1A20FA29005035EE /* Grid-47.json */ = {isa = PBXFileReference; fileEncoding = 4; lastKnownFileType = text.json; path = "Grid-47.json"; sourceTree = "<group>"; };
		38BDDCE01A20FA32005035EE /* Grid-48.json */ = {isa = PBXFileReference; fileEncoding = 4; lastKnownFileType = text.json; path = "Grid-48.json"; sourceTree = "<group>"; };
		38BDDCE21A20FA3A005035EE /* Grid-49.json */ = {isa = PBXFileReference; fileEncoding = 4; lastKnownFileType = text.json; path = "Grid-49.json"; sourceTree = "<group>"; };
		38BDDCE41A20FA50005035EE /* Grid-50.json */ = {isa = PBXFileReference; fileEncoding = 4; lastKnownFileType = text.json; path = "Grid-50.json"; sourceTree = "<group>"; };
		38BDDCE91A20FB5E005035EE /* Grid-51.json */ = {isa = PBXFileReference; fileEncoding = 4; lastKnownFileType = text.json; path = "Grid-51.json"; sourceTree = "<group>"; };
		38BDDCEB1A20FB67005035EE /* Grid-52.json */ = {isa = PBXFileReference; fileEncoding = 4; lastKnownFileType = text.json; path = "Grid-52.json"; sourceTree = "<group>"; };
		38BDDCED1A20FB71005035EE /* Grid-53.json */ = {isa = PBXFileReference; fileEncoding = 4; lastKnownFileType = text.json; path = "Grid-53.json"; sourceTree = "<group>"; };
		38BDDCEF1A20FB78005035EE /* Grid-54.json */ = {isa = PBXFileReference; fileEncoding = 4; lastKnownFileType = text.json; path = "Grid-54.json"; sourceTree = "<group>"; };
		38BDDCF11A20FB80005035EE /* Grid-55.json */ = {isa = PBXFileReference; fileEncoding = 4; lastKnownFileType = text.json; path = "Grid-55.json"; sourceTree = "<group>"; };
		38BDDCF31A20FB89005035EE /* Grid-56.json */ = {isa = PBXFileReference; fileEncoding = 4; lastKnownFileType = text.json; path = "Grid-56.json"; sourceTree = "<group>"; };
		38BDDCF51A20FBA2005035EE /* Grid-57.json */ = {isa = PBXFileReference; fileEncoding = 4; lastKnownFileType = text.json; path = "Grid-57.json"; sourceTree = "<group>"; };
		38BDDCF71A20FBAA005035EE /* Grid-58.json */ = {isa = PBXFileReference; fileEncoding = 4; lastKnownFileType = text.json; path = "Grid-58.json"; sourceTree = "<group>"; };
		38BDDCF91A20FBB2005035EE /* Grid-59.json */ = {isa = PBXFileReference; fileEncoding = 4; lastKnownFileType = text.json; path = "Grid-59.json"; sourceTree = "<group>"; };
		38BDDCFB1A20FBB8005035EE /* Grid-60.json */ = {isa = PBXFileReference; fileEncoding = 4; lastKnownFileType = text.json; path = "Grid-60.json"; sourceTree = "<group>"; };
		38C0A83E1A07251700C552F1 /* Hexus.app */ = {isa = PBXFileReference; explicitFileType = wrapper.application; includeInIndex = 0; path = Hexus.app; sourceTree = BUILT_PRODUCTS_DIR; };
		38C0A8421A07251700C552F1 /* Info.plist */ = {isa = PBXFileReference; lastKnownFileType = text.plist.xml; path = Info.plist; sourceTree = "<group>"; };
		38C0A8431A07251700C552F1 /* main.m */ = {isa = PBXFileReference; lastKnownFileType = sourcecode.c.objc; path = main.m; sourceTree = "<group>"; };
		38C0A8451A07251700C552F1 /* AppDelegate.h */ = {isa = PBXFileReference; lastKnownFileType = sourcecode.c.h; path = AppDelegate.h; sourceTree = "<group>"; };
		38C0A8461A07251700C552F1 /* AppDelegate.m */ = {isa = PBXFileReference; lastKnownFileType = sourcecode.c.objc; path = AppDelegate.m; sourceTree = "<group>"; };
		38C0A8481A07251700C552F1 /* HDGameViewController.h */ = {isa = PBXFileReference; lastKnownFileType = sourcecode.c.h; path = HDGameViewController.h; sourceTree = "<group>"; };
		38C0A8491A07251700C552F1 /* HDGameViewController.m */ = {isa = PBXFileReference; lastKnownFileType = sourcecode.c.objc; path = HDGameViewController.m; sourceTree = "<group>"; };
		38C0A84E1A07251700C552F1 /* Images.xcassets */ = {isa = PBXFileReference; lastKnownFileType = folder.assetcatalog; path = Images.xcassets; sourceTree = "<group>"; };
		38C0A8571A07251700C552F1 /* HexitSpriteKitTests.xctest */ = {isa = PBXFileReference; explicitFileType = wrapper.cfbundle; includeInIndex = 0; path = HexitSpriteKitTests.xctest; sourceTree = BUILT_PRODUCTS_DIR; };
		38C0A85C1A07251700C552F1 /* Info.plist */ = {isa = PBXFileReference; lastKnownFileType = text.plist.xml; path = Info.plist; sourceTree = "<group>"; };
		38C0A85D1A07251700C552F1 /* HexitSpriteKitTests.m */ = {isa = PBXFileReference; lastKnownFileType = sourcecode.c.objc; path = HexitSpriteKitTests.m; sourceTree = "<group>"; };
		38C0A86A1A0726A300C552F1 /* SpriteKit.framework */ = {isa = PBXFileReference; lastKnownFileType = wrapper.framework; name = SpriteKit.framework; path = System/Library/Frameworks/SpriteKit.framework; sourceTree = SDKROOT; };
		38C0A86C1A0727FA00C552F1 /* HDScene.h */ = {isa = PBXFileReference; fileEncoding = 4; lastKnownFileType = sourcecode.c.h; path = HDScene.h; sourceTree = "<group>"; };
		38C0A8701A07348400C552F1 /* SKColor+HDColor.h */ = {isa = PBXFileReference; fileEncoding = 4; lastKnownFileType = sourcecode.c.h; path = "SKColor+HDColor.h"; sourceTree = "<group>"; };
		38C0A8711A07348400C552F1 /* SKColor+HDColor.m */ = {isa = PBXFileReference; fileEncoding = 4; lastKnownFileType = sourcecode.c.objc; path = "SKColor+HDColor.m"; sourceTree = "<group>"; };
		38C0A8731A0758AC00C552F1 /* HDGridManager.h */ = {isa = PBXFileReference; fileEncoding = 4; lastKnownFileType = sourcecode.c.h; path = HDGridManager.h; sourceTree = "<group>"; };
		38C0A8741A0758AC00C552F1 /* HDGridManager.m */ = {isa = PBXFileReference; fileEncoding = 4; lastKnownFileType = sourcecode.c.objc; path = HDGridManager.m; sourceTree = "<group>"; };
		38C0A8761A075FBA00C552F1 /* HDHexagonNode.h */ = {isa = PBXFileReference; fileEncoding = 4; lastKnownFileType = sourcecode.c.h; path = HDHexagonNode.h; sourceTree = "<group>"; };
		38C0A8771A075FBA00C552F1 /* HDHexagonNode.m */ = {isa = PBXFileReference; fileEncoding = 4; lastKnownFileType = sourcecode.c.objc; path = HDHexagonNode.m; sourceTree = "<group>"; };
		38C1221D1A2C1C1E00224B33 /* Grid-61.json */ = {isa = PBXFileReference; fileEncoding = 4; lastKnownFileType = text.json; path = "Grid-61.json"; sourceTree = "<group>"; };
		38C1221F1A2C1C3D00224B33 /* Grid-62.json */ = {isa = PBXFileReference; fileEncoding = 4; lastKnownFileType = text.json; path = "Grid-62.json"; sourceTree = "<group>"; };
		38C122211A2C1C4700224B33 /* Grid-63.json */ = {isa = PBXFileReference; fileEncoding = 4; lastKnownFileType = text.json; path = "Grid-63.json"; sourceTree = "<group>"; };
		38C122231A2C1C4F00224B33 /* Grid-64.json */ = {isa = PBXFileReference; fileEncoding = 4; lastKnownFileType = text.json; path = "Grid-64.json"; sourceTree = "<group>"; };
		38C122251A2C1C5600224B33 /* Grid-65.json */ = {isa = PBXFileReference; fileEncoding = 4; lastKnownFileType = text.json; path = "Grid-65.json"; sourceTree = "<group>"; };
		38C122271A2C1C6000224B33 /* Grid-66.json */ = {isa = PBXFileReference; fileEncoding = 4; lastKnownFileType = text.json; path = "Grid-66.json"; sourceTree = "<group>"; };
		38C122291A2C1C7A00224B33 /* Grid-67.json */ = {isa = PBXFileReference; fileEncoding = 4; lastKnownFileType = text.json; path = "Grid-67.json"; sourceTree = "<group>"; };
		38C1222B1A2C1C8B00224B33 /* Grid-68.json */ = {isa = PBXFileReference; fileEncoding = 4; lastKnownFileType = text.json; path = "Grid-68.json"; sourceTree = "<group>"; };
		38C1222D1A2C1C9400224B33 /* Grid-69.json */ = {isa = PBXFileReference; fileEncoding = 4; lastKnownFileType = text.json; path = "Grid-69.json"; sourceTree = "<group>"; };
		38C1222F1A2C1CA200224B33 /* Grid-70.json */ = {isa = PBXFileReference; fileEncoding = 4; lastKnownFileType = text.json; path = "Grid-70.json"; sourceTree = "<group>"; };
		38C122311A2C1CAA00224B33 /* Grid-71.json */ = {isa = PBXFileReference; fileEncoding = 4; lastKnownFileType = text.json; path = "Grid-71.json"; sourceTree = "<group>"; };
		38C122331A2C1CB500224B33 /* Grid-72.json */ = {isa = PBXFileReference; fileEncoding = 4; lastKnownFileType = text.json; path = "Grid-72.json"; sourceTree = "<group>"; };
		38C122351A2C1CBD00224B33 /* Grid-73.json */ = {isa = PBXFileReference; fileEncoding = 4; lastKnownFileType = text.json; path = "Grid-73.json"; sourceTree = "<group>"; };
		38C122371A2C1CC300224B33 /* Grid-74.json */ = {isa = PBXFileReference; fileEncoding = 4; lastKnownFileType = text.json; path = "Grid-74.json"; sourceTree = "<group>"; };
		38C122391A2C1CCB00224B33 /* Grid-75.json */ = {isa = PBXFileReference; fileEncoding = 4; lastKnownFileType = text.json; path = "Grid-75.json"; sourceTree = "<group>"; };
		38C1223B1A2C29DC00224B33 /* HDSoundManager.h */ = {isa = PBXFileReference; fileEncoding = 4; lastKnownFileType = sourcecode.c.h; path = HDSoundManager.h; sourceTree = "<group>"; };
		38C1223C1A2C29DC00224B33 /* HDSoundManager.m */ = {isa = PBXFileReference; fileEncoding = 4; lastKnownFileType = sourcecode.c.objc; path = HDSoundManager.m; sourceTree = "<group>"; };
		38C1223E1A2C2A0E00224B33 /* menuClicked.wav */ = {isa = PBXFileReference; lastKnownFileType = audio.wav; path = menuClicked.wav; sourceTree = "<group>"; };
		38C122401A2C2EDE00224B33 /* Swooshed.mp3 */ = {isa = PBXFileReference; lastKnownFileType = audio.mp3; path = Swooshed.mp3; sourceTree = "<group>"; };
		38C122451A2C4D8300224B33 /* AVFoundation.framework */ = {isa = PBXFileReference; lastKnownFileType = wrapper.framework; name = AVFoundation.framework; path = System/Library/Frameworks/AVFoundation.framework; sourceTree = SDKROOT; };
		38C122471A2C519D00224B33 /* QuartzCore.framework */ = {isa = PBXFileReference; lastKnownFileType = wrapper.framework; name = QuartzCore.framework; path = System/Library/Frameworks/QuartzCore.framework; sourceTree = SDKROOT; };
		38C2E1391A2671F3008D5F33 /* HDLevelGenerator.h */ = {isa = PBXFileReference; fileEncoding = 4; lastKnownFileType = sourcecode.c.h; path = HDLevelGenerator.h; sourceTree = "<group>"; };
		38C2E13A1A2671F3008D5F33 /* HDLevelGenerator.m */ = {isa = PBXFileReference; fileEncoding = 4; lastKnownFileType = sourcecode.c.objc; path = HDLevelGenerator.m; sourceTree = "<group>"; };
		38C67CD51A0AB8D80038526C /* HDWelcomeViewController.h */ = {isa = PBXFileReference; fileEncoding = 4; lastKnownFileType = sourcecode.c.h; path = HDWelcomeViewController.h; sourceTree = "<group>"; };
		38C67CD61A0AB8D80038526C /* HDWelcomeViewController.m */ = {isa = PBXFileReference; fileEncoding = 4; lastKnownFileType = sourcecode.c.objc; path = HDWelcomeViewController.m; sourceTree = "<group>"; };
		38C67CDB1A0AB9350038526C /* UIColor+FlatColors.h */ = {isa = PBXFileReference; fileEncoding = 4; lastKnownFileType = sourcecode.c.h; path = "UIColor+FlatColors.h"; sourceTree = "<group>"; };
		38C67CDC1A0AB9350038526C /* UIColor+FlatColors.m */ = {isa = PBXFileReference; fileEncoding = 4; lastKnownFileType = sourcecode.c.objc; path = "UIColor+FlatColors.m"; sourceTree = "<group>"; };
		38C67CE11A0ABD050038526C /* HDHelper.h */ = {isa = PBXFileReference; fileEncoding = 4; lastKnownFileType = sourcecode.c.h; path = HDHelper.h; sourceTree = "<group>"; };
		38C67CE21A0ABD050038526C /* HDHelper.m */ = {isa = PBXFileReference; fileEncoding = 4; lastKnownFileType = sourcecode.c.objc; path = HDHelper.m; sourceTree = "<group>"; };
		38C67CE51A0ABE820038526C /* Hexit-Prefix.pch */ = {isa = PBXFileReference; lastKnownFileType = sourcecode.c.h; path = "Hexit-Prefix.pch"; sourceTree = "<group>"; };
		38C67CE61A0ABF0E0038526C /* HDConstants.h */ = {isa = PBXFileReference; fileEncoding = 4; lastKnownFileType = sourcecode.c.h; path = HDConstants.h; sourceTree = "<group>"; };
		38C67CE71A0ABF0E0038526C /* HDConstants.m */ = {isa = PBXFileReference; fileEncoding = 4; lastKnownFileType = sourcecode.c.objc; path = HDConstants.m; sourceTree = "<group>"; };
		38C67CEC1A0ACE040038526C /* Grid-2.json */ = {isa = PBXFileReference; fileEncoding = 4; lastKnownFileType = text.json; path = "Grid-2.json"; sourceTree = "<group>"; };
		38C67CEE1A0ACE0C0038526C /* Grid-3.json */ = {isa = PBXFileReference; fileEncoding = 4; lastKnownFileType = text.json; path = "Grid-3.json"; sourceTree = "<group>"; };
		38C67CF01A0ACE150038526C /* Grid-4.json */ = {isa = PBXFileReference; fileEncoding = 4; lastKnownFileType = text.json; path = "Grid-4.json"; sourceTree = "<group>"; };
		38C67CF21A0ACE1D0038526C /* Grid-5.json */ = {isa = PBXFileReference; fileEncoding = 4; lastKnownFileType = text.json; path = "Grid-5.json"; sourceTree = "<group>"; };
		38C67CF41A0ACE230038526C /* Grid-6.json */ = {isa = PBXFileReference; fileEncoding = 4; lastKnownFileType = text.json; path = "Grid-6.json"; sourceTree = "<group>"; };
		38C67CF61A0ACE2C0038526C /* Grid-7.json */ = {isa = PBXFileReference; fileEncoding = 4; lastKnownFileType = text.json; path = "Grid-7.json"; sourceTree = "<group>"; };
		38C67CF81A0ACE340038526C /* Grid-8.json */ = {isa = PBXFileReference; fileEncoding = 4; lastKnownFileType = text.json; path = "Grid-8.json"; sourceTree = "<group>"; };
		38C67CFA1A0ACE3C0038526C /* Grid-9.json */ = {isa = PBXFileReference; fileEncoding = 4; lastKnownFileType = text.json; path = "Grid-9.json"; sourceTree = "<group>"; };
		38C67CFC1A0ACE450038526C /* Grid-10.json */ = {isa = PBXFileReference; fileEncoding = 4; lastKnownFileType = text.json; path = "Grid-10.json"; sourceTree = "<group>"; };
		38C67CFE1A0ACE4D0038526C /* Grid-11.json */ = {isa = PBXFileReference; fileEncoding = 4; lastKnownFileType = text.json; path = "Grid-11.json"; sourceTree = "<group>"; };
		38C67D001A0ACE530038526C /* Grid-12.json */ = {isa = PBXFileReference; fileEncoding = 4; lastKnownFileType = text.json; path = "Grid-12.json"; sourceTree = "<group>"; };
		38C67D021A0ACE5B0038526C /* Grid-13.json */ = {isa = PBXFileReference; fileEncoding = 4; lastKnownFileType = text.json; path = "Grid-13.json"; sourceTree = "<group>"; };
		38C67D041A0ACE620038526C /* Grid-14.json */ = {isa = PBXFileReference; fileEncoding = 4; lastKnownFileType = text.json; path = "Grid-14.json"; sourceTree = "<group>"; };
		38C67D061A0ACE690038526C /* Grid-15.json */ = {isa = PBXFileReference; fileEncoding = 4; lastKnownFileType = text.json; path = "Grid-15.json"; sourceTree = "<group>"; };
		38C67D081A0AE3820038526C /* Grid-16.json */ = {isa = PBXFileReference; fileEncoding = 4; lastKnownFileType = text.json; path = "Grid-16.json"; sourceTree = "<group>"; };
		38C67D0A1A0AE3890038526C /* Grid-17.json */ = {isa = PBXFileReference; fileEncoding = 4; lastKnownFileType = text.json; path = "Grid-17.json"; sourceTree = "<group>"; };
		38C67D0C1A0AE3990038526C /* Grid-18.json */ = {isa = PBXFileReference; fileEncoding = 4; lastKnownFileType = text.json; path = "Grid-18.json"; sourceTree = "<group>"; };
		38C67D0E1A0AE3A00038526C /* Grid-19.json */ = {isa = PBXFileReference; fileEncoding = 4; lastKnownFileType = text.json; path = "Grid-19.json"; sourceTree = "<group>"; };
		38C67D101A0AE3A90038526C /* Grid-20.json */ = {isa = PBXFileReference; fileEncoding = 4; lastKnownFileType = text.json; path = "Grid-20.json"; sourceTree = "<group>"; };
		38C67D121A0AE3B00038526C /* Grid-21.json */ = {isa = PBXFileReference; fileEncoding = 4; lastKnownFileType = text.json; path = "Grid-21.json"; sourceTree = "<group>"; };
		38C67D141A0AE3B80038526C /* Grid-22.json */ = {isa = PBXFileReference; fileEncoding = 4; lastKnownFileType = text.json; path = "Grid-22.json"; sourceTree = "<group>"; };
		38C67D161A0AE3C10038526C /* Grid-23.json */ = {isa = PBXFileReference; fileEncoding = 4; lastKnownFileType = text.json; path = "Grid-23.json"; sourceTree = "<group>"; };
		38C67D181A0AE3C90038526C /* Grid-24.json */ = {isa = PBXFileReference; fileEncoding = 4; lastKnownFileType = text.json; path = "Grid-24.json"; sourceTree = "<group>"; };
		38C67D1A1A0AE3DA0038526C /* Grid-25.json */ = {isa = PBXFileReference; fileEncoding = 4; lastKnownFileType = text.json; path = "Grid-25.json"; sourceTree = "<group>"; };
		38C67D1C1A0AE3E90038526C /* Grid-26.json */ = {isa = PBXFileReference; fileEncoding = 4; lastKnownFileType = text.json; path = "Grid-26.json"; sourceTree = "<group>"; };
		38C67D1E1A0AE3F30038526C /* Grid-27.json */ = {isa = PBXFileReference; fileEncoding = 4; lastKnownFileType = text.json; path = "Grid-27.json"; sourceTree = "<group>"; };
		38C67D201A0AE3FD0038526C /* Grid-28.json */ = {isa = PBXFileReference; fileEncoding = 4; lastKnownFileType = text.json; path = "Grid-28.json"; sourceTree = "<group>"; };
		38C67D221A0AE4060038526C /* Grid-29.json */ = {isa = PBXFileReference; fileEncoding = 4; lastKnownFileType = text.json; path = "Grid-29.json"; sourceTree = "<group>"; };
		38C67D241A0AE4100038526C /* Grid-30.json */ = {isa = PBXFileReference; fileEncoding = 4; lastKnownFileType = text.json; path = "Grid-30.json"; sourceTree = "<group>"; };
		38C67D261A0AEA490038526C /* HDMapManager.h */ = {isa = PBXFileReference; fileEncoding = 4; lastKnownFileType = sourcecode.c.h; path = HDMapManager.h; sourceTree = "<group>"; };
		38C67D271A0AEA490038526C /* HDMapManager.m */ = {isa = PBXFileReference; fileEncoding = 4; lastKnownFileType = sourcecode.c.objc; path = HDMapManager.m; sourceTree = "<group>"; };
		38C67D2A1A0AEBD50038526C /* HDGameCenterManager.h */ = {isa = PBXFileReference; fileEncoding = 4; lastKnownFileType = sourcecode.c.h; path = HDGameCenterManager.h; sourceTree = "<group>"; };
		38C67D2B1A0AEBD50038526C /* HDGameCenterManager.m */ = {isa = PBXFileReference; fileEncoding = 4; lastKnownFileType = sourcecode.c.objc; path = HDGameCenterManager.m; sourceTree = "<group>"; };
		38C67D2D1A0AF3960038526C /* NSMutableArray+UniqueAdditions.h */ = {isa = PBXFileReference; fileEncoding = 4; lastKnownFileType = sourcecode.c.h; path = "NSMutableArray+UniqueAdditions.h"; sourceTree = "<group>"; };
		38C67D2E1A0AF3960038526C /* NSMutableArray+UniqueAdditions.m */ = {isa = PBXFileReference; fileEncoding = 4; lastKnownFileType = sourcecode.c.objc; path = "NSMutableArray+UniqueAdditions.m"; sourceTree = "<group>"; };
		38C67D301A0B149F0038526C /* 104947__glaneur-de-sons__bubble-8.wav */ = {isa = PBXFileReference; lastKnownFileType = audio.wav; path = "104947__glaneur-de-sons__bubble-8.wav"; sourceTree = "<group>"; };
		38D070911A578F37009F18FB /* HDSettingsViewController.h */ = {isa = PBXFileReference; fileEncoding = 4; lastKnownFileType = sourcecode.c.h; path = HDSettingsViewController.h; sourceTree = "<group>"; };
		38D070921A578F37009F18FB /* HDSettingsViewController.m */ = {isa = PBXFileReference; fileEncoding = 4; lastKnownFileType = sourcecode.c.objc; path = HDSettingsViewController.m; sourceTree = "<group>"; };
		38D424571A4F6C1A00FD21A2 /* B2.m4a */ = {isa = PBXFileReference; lastKnownFileType = file; path = B2.m4a; sourceTree = "<group>"; };
		38D424581A4F6C1A00FD21A2 /* A2.m4a */ = {isa = PBXFileReference; lastKnownFileType = file; path = A2.m4a; sourceTree = "<group>"; };
		38D424591A4F6C1A00FD21A2 /* G2.m4a */ = {isa = PBXFileReference; lastKnownFileType = file; path = G2.m4a; sourceTree = "<group>"; };
		38D4245A1A4F6C1A00FD21A2 /* F2.m4a */ = {isa = PBXFileReference; lastKnownFileType = file; path = F2.m4a; sourceTree = "<group>"; };
		38D4245B1A4F6C1A00FD21A2 /* E2.m4a */ = {isa = PBXFileReference; lastKnownFileType = file; path = E2.m4a; sourceTree = "<group>"; };
		38D4245C1A4F6C1A00FD21A2 /* D2.m4a */ = {isa = PBXFileReference; lastKnownFileType = file; path = D2.m4a; sourceTree = "<group>"; };
		38D4245D1A4F6C1A00FD21A2 /* C2.m4a */ = {isa = PBXFileReference; lastKnownFileType = file; path = C2.m4a; sourceTree = "<group>"; };
		38D4245E1A4F6C1A00FD21A2 /* B6.m4a */ = {isa = PBXFileReference; lastKnownFileType = file; path = B6.m4a; sourceTree = "<group>"; };
		38D4245F1A4F6C1A00FD21A2 /* A6.m4a */ = {isa = PBXFileReference; lastKnownFileType = file; path = A6.m4a; sourceTree = "<group>"; };
		38D424601A4F6C1A00FD21A2 /* G6.m4a */ = {isa = PBXFileReference; lastKnownFileType = file; path = G6.m4a; sourceTree = "<group>"; };
		38D424611A4F6C1A00FD21A2 /* F6.m4a */ = {isa = PBXFileReference; lastKnownFileType = file; path = F6.m4a; sourceTree = "<group>"; };
		38D424621A4F6C1A00FD21A2 /* E6.m4a */ = {isa = PBXFileReference; lastKnownFileType = file; path = E6.m4a; sourceTree = "<group>"; };
		38D424631A4F6C1A00FD21A2 /* D6.m4a */ = {isa = PBXFileReference; lastKnownFileType = file; path = D6.m4a; sourceTree = "<group>"; };
		38D424641A4F6C1A00FD21A2 /* C6.m4a */ = {isa = PBXFileReference; lastKnownFileType = file; path = C6.m4a; sourceTree = "<group>"; };
		38D424651A4F6C1A00FD21A2 /* B5.m4a */ = {isa = PBXFileReference; lastKnownFileType = file; path = B5.m4a; sourceTree = "<group>"; };
		38D424661A4F6C1A00FD21A2 /* A5.m4a */ = {isa = PBXFileReference; lastKnownFileType = file; path = A5.m4a; sourceTree = "<group>"; };
		38D424671A4F6C1A00FD21A2 /* G5.m4a */ = {isa = PBXFileReference; lastKnownFileType = file; path = G5.m4a; sourceTree = "<group>"; };
		38D424681A4F6C1A00FD21A2 /* F5.m4a */ = {isa = PBXFileReference; lastKnownFileType = file; path = F5.m4a; sourceTree = "<group>"; };
		38D424691A4F6C1A00FD21A2 /* E5.m4a */ = {isa = PBXFileReference; lastKnownFileType = file; path = E5.m4a; sourceTree = "<group>"; };
		38D4246A1A4F6C1A00FD21A2 /* D5.m4a */ = {isa = PBXFileReference; lastKnownFileType = file; path = D5.m4a; sourceTree = "<group>"; };
		38D4246B1A4F6C1A00FD21A2 /* C5.m4a */ = {isa = PBXFileReference; lastKnownFileType = file; path = C5.m4a; sourceTree = "<group>"; };
		38D4246C1A4F6C1A00FD21A2 /* B4.m4a */ = {isa = PBXFileReference; lastKnownFileType = file; path = B4.m4a; sourceTree = "<group>"; };
		38D4246D1A4F6C1A00FD21A2 /* A4.m4a */ = {isa = PBXFileReference; lastKnownFileType = file; path = A4.m4a; sourceTree = "<group>"; };
		38D4246E1A4F6C1A00FD21A2 /* G4.m4a */ = {isa = PBXFileReference; lastKnownFileType = file; path = G4.m4a; sourceTree = "<group>"; };
		38D4246F1A4F6C1A00FD21A2 /* F4.m4a */ = {isa = PBXFileReference; lastKnownFileType = file; path = F4.m4a; sourceTree = "<group>"; };
		38D424701A4F6C1A00FD21A2 /* E4.m4a */ = {isa = PBXFileReference; lastKnownFileType = file; path = E4.m4a; sourceTree = "<group>"; };
		38D424711A4F6C1A00FD21A2 /* D4.m4a */ = {isa = PBXFileReference; lastKnownFileType = file; path = D4.m4a; sourceTree = "<group>"; };
		38D424721A4F6C1A00FD21A2 /* C4.m4a */ = {isa = PBXFileReference; lastKnownFileType = file; path = C4.m4a; sourceTree = "<group>"; };
		38D424731A4F6C1A00FD21A2 /* B3.m4a */ = {isa = PBXFileReference; lastKnownFileType = file; path = B3.m4a; sourceTree = "<group>"; };
		38D424741A4F6C1A00FD21A2 /* A3.m4a */ = {isa = PBXFileReference; lastKnownFileType = file; path = A3.m4a; sourceTree = "<group>"; };
		38D424751A4F6C1A00FD21A2 /* G3.m4a */ = {isa = PBXFileReference; lastKnownFileType = file; path = G3.m4a; sourceTree = "<group>"; };
		38D424761A4F6C1A00FD21A2 /* F3.m4a */ = {isa = PBXFileReference; lastKnownFileType = file; path = F3.m4a; sourceTree = "<group>"; };
		38D424771A4F6C1A00FD21A2 /* E3.m4a */ = {isa = PBXFileReference; lastKnownFileType = file; path = E3.m4a; sourceTree = "<group>"; };
		38D424781A4F6C1A00FD21A2 /* D3.m4a */ = {isa = PBXFileReference; lastKnownFileType = file; path = D3.m4a; sourceTree = "<group>"; };
		38D424791A4F6C1A00FD21A2 /* C3.m4a */ = {isa = PBXFileReference; lastKnownFileType = file; path = C3.m4a; sourceTree = "<group>"; };
		38F5A6B41A076B960036750A /* HDLevel.h */ = {isa = PBXFileReference; fileEncoding = 4; lastKnownFileType = sourcecode.c.h; path = HDLevel.h; sourceTree = "<group>"; };
		38F5A6B51A076B960036750A /* HDLevel.m */ = {isa = PBXFileReference; fileEncoding = 4; lastKnownFileType = sourcecode.c.objc; path = HDLevel.m; sourceTree = "<group>"; };
		38F5A6B71A07F2FA0036750A /* Grid-1.json */ = {isa = PBXFileReference; fileEncoding = 4; lastKnownFileType = text.json; path = "Grid-1.json"; sourceTree = "<group>"; };
		38F5A6BB1A08014F0036750A /* HDHexagon.h */ = {isa = PBXFileReference; fileEncoding = 4; lastKnownFileType = sourcecode.c.h; path = HDHexagon.h; sourceTree = "<group>"; };
		38F5A6BC1A08014F0036750A /* HDHexagon.m */ = {isa = PBXFileReference; fileEncoding = 4; lastKnownFileType = sourcecode.c.objc; path = HDHexagon.m; sourceTree = "<group>"; };
		38F919241A37BF6A00249361 /* iAd.framework */ = {isa = PBXFileReference; lastKnownFileType = wrapper.framework; name = iAd.framework; path = System/Library/Frameworks/iAd.framework; sourceTree = SDKROOT; };
		38FDF9B31A1BEF1F005CCFE1 /* HDSettingsManager.h */ = {isa = PBXFileReference; fileEncoding = 4; lastKnownFileType = sourcecode.c.h; path = HDSettingsManager.h; sourceTree = "<group>"; };
		38FDF9B41A1BEF1F005CCFE1 /* HDSettingsManager.m */ = {isa = PBXFileReference; fileEncoding = 4; lastKnownFileType = sourcecode.c.objc; path = HDSettingsManager.m; sourceTree = "<group>"; };
/* End PBXFileReference section */

/* Begin PBXFrameworksBuildPhase section */
		38C0A83B1A07251700C552F1 /* Frameworks */ = {
			isa = PBXFrameworksBuildPhase;
			buildActionMask = 2147483647;
			files = (
				389E94F61A47DE7F00F2DF05 /* CoreMotion.framework in Frameworks */,
				386CF5D91A383A98006A8381 /* AudioToolbox.framework in Frameworks */,
				38F919251A37BF6A00249361 /* iAd.framework in Frameworks */,
				38C122481A2C519D00224B33 /* QuartzCore.framework in Frameworks */,
				38C122461A2C4D8300224B33 /* AVFoundation.framework in Frameworks */,
				38C0A86B1A0726A300C552F1 /* SpriteKit.framework in Frameworks */,
				38BAF5281A1FE10B004D5660 /* GameKit.framework in Frameworks */,
			);
			runOnlyForDeploymentPostprocessing = 0;
		};
		38C0A8541A07251700C552F1 /* Frameworks */ = {
			isa = PBXFrameworksBuildPhase;
			buildActionMask = 2147483647;
			files = (
			);
			runOnlyForDeploymentPostprocessing = 0;
		};
/* End PBXFrameworksBuildPhase section */

/* Begin PBXGroup section */
		38520E4A1A3CD2480057C415 /* Extras */ = {
			isa = PBXGroup;
			children = (
				386CF62C1A3A250D006A8381 /* Mellowtron.mp3 */,
				38C1223E1A2C2A0E00224B33 /* menuClicked.wav */,
				38C122401A2C2EDE00224B33 /* Swooshed.mp3 */,
				386CF62E1A3B6FA5006A8381 /* win.mp3 */,
				38C67D301A0B149F0038526C /* 104947__glaneur-de-sons__bubble-8.wav */,
			);
			name = Extras;
			sourceTree = "<group>";
		};
		3874B98A1A2046D000400CEB /* REGULAR TILES */ = {
			isa = PBXGroup;
			children = (
				38F5A6B71A07F2FA0036750A /* Grid-1.json */,
				38C67CEC1A0ACE040038526C /* Grid-2.json */,
				38C67CEE1A0ACE0C0038526C /* Grid-3.json */,
				38C67CF01A0ACE150038526C /* Grid-4.json */,
				38C67CF21A0ACE1D0038526C /* Grid-5.json */,
				38C67CF41A0ACE230038526C /* Grid-6.json */,
				38C67CF61A0ACE2C0038526C /* Grid-7.json */,
				38C67CF81A0ACE340038526C /* Grid-8.json */,
				38C67CFA1A0ACE3C0038526C /* Grid-9.json */,
				38C67CFC1A0ACE450038526C /* Grid-10.json */,
				38C67CFE1A0ACE4D0038526C /* Grid-11.json */,
				38C67D001A0ACE530038526C /* Grid-12.json */,
				38C67D021A0ACE5B0038526C /* Grid-13.json */,
				38C67D041A0ACE620038526C /* Grid-14.json */,
				38C67D061A0ACE690038526C /* Grid-15.json */,
			);
			name = "REGULAR TILES";
			sourceTree = "<group>";
		};
		3874B98B1A2046DF00400CEB /* DOUBLE TILES */ = {
			isa = PBXGroup;
			children = (
				38C67D081A0AE3820038526C /* Grid-16.json */,
				38C67D0A1A0AE3890038526C /* Grid-17.json */,
				38C67D0C1A0AE3990038526C /* Grid-18.json */,
				38C67D0E1A0AE3A00038526C /* Grid-19.json */,
				38C67D101A0AE3A90038526C /* Grid-20.json */,
				38C67D121A0AE3B00038526C /* Grid-21.json */,
				38C67D141A0AE3B80038526C /* Grid-22.json */,
				38C67D161A0AE3C10038526C /* Grid-23.json */,
				38C67D181A0AE3C90038526C /* Grid-24.json */,
				38C67D1A1A0AE3DA0038526C /* Grid-25.json */,
				38C67D1C1A0AE3E90038526C /* Grid-26.json */,
				38C67D1E1A0AE3F30038526C /* Grid-27.json */,
				38C67D201A0AE3FD0038526C /* Grid-28.json */,
				38C67D221A0AE4060038526C /* Grid-29.json */,
				38C67D241A0AE4100038526C /* Grid-30.json */,
			);
			name = "DOUBLE TILES";
			sourceTree = "<group>";
		};
		389E95411A4A126100F2DF05 /* Grid View Controllers */ = {
			isa = PBXGroup;
			children = (
				389E953E1A4A106200F2DF05 /* HDLockedViewController.h */,
				389E953F1A4A106200F2DF05 /* HDLockedViewController.m */,
				389E95421A4A128100F2DF05 /* HDLevelsViewController.h */,
				389E95431A4A128100F2DF05 /* HDLevelsViewController.m */,
			);
			name = "Grid View Controllers";
			sourceTree = "<group>";
		};
		38A50F2D1A57C67400DE9692 /* Tutorial View Controllers */ = {
			isa = PBXGroup;
			children = (
				38A50F271A57C66100DE9692 /* HDTutorialParentViewController.h */,
				38A50F281A57C66100DE9692 /* HDTutorialParentViewController.m */,
				38A50F2A1A57C66E00DE9692 /* HDTutorialChildViewController.h */,
				38A50F2B1A57C66E00DE9692 /* HDTutorialChildViewController.m */,
			);
			name = "Tutorial View Controllers";
			sourceTree = "<group>";
		};
		38A50F2E1A57C69500DE9692 /* Game View Controllers */ = {
			isa = PBXGroup;
			children = (
				38C67CD51A0AB8D80038526C /* HDWelcomeViewController.h */,
				38C67CD61A0AB8D80038526C /* HDWelcomeViewController.m */,
				38BAF53F1A1FFC64004D5660 /* HDGridViewController.h */,
				38BAF5401A1FFC64004D5660 /* HDGridViewController.m */,
				38C0A8481A07251700C552F1 /* HDGameViewController.h */,
				38C0A8491A07251700C552F1 /* HDGameViewController.m */,
				38D070911A578F37009F18FB /* HDSettingsViewController.h */,
				38D070921A578F37009F18FB /* HDSettingsViewController.m */,
			);
			name = "Game View Controllers";
			sourceTree = "<group>";
		};
		38BDDCE61A20FA86005035EE /* COUNT GRID */ = {
			isa = PBXGroup;
			children = (
				38BDDCBE1A20F93A005035EE /* Grid-31.json */,
				38BDDCC01A20F943005035EE /* Grid-32.json */,
				38BDDCC21A20F94D005035EE /* Grid-33.json */,
				38BDDCC41A20F965005035EE /* Grid-34.json */,
				38BDDCC61A20F96D005035EE /* Grid-35.json */,
				38BDDCC81A20F986005035EE /* Grid-36.json */,
				38BDDCCA1A20F991005035EE /* Grid-37.json */,
				38BDDCCC1A20F9B1005035EE /* Grid-38.json */,
				38BDDCCE1A20F9BB005035EE /* Grid-39.json */,
				38BDDCD01A20F9C7005035EE /* Grid-40.json */,
				38BDDCD21A20F9D2005035EE /* Grid-41.json */,
				38BDDCD41A20F9E4005035EE /* Grid-42.json */,
				38BDDCD61A20F9F6005035EE /* Grid-43.json */,
				38BDDCD81A20F9FE005035EE /* Grid-44.json */,
				38BDDCDA1A20FA07005035EE /* Grid-45.json */,
			);
			name = "COUNT GRID";
			sourceTree = "<group>";
		};
		38BDDCE71A20FACE005035EE /* Sounds */ = {
			isa = PBXGroup;
			children = (
				38D424571A4F6C1A00FD21A2 /* B2.m4a */,
				38D424581A4F6C1A00FD21A2 /* A2.m4a */,
				38D424591A4F6C1A00FD21A2 /* G2.m4a */,
				38D4245A1A4F6C1A00FD21A2 /* F2.m4a */,
				38D4245B1A4F6C1A00FD21A2 /* E2.m4a */,
				38D4245C1A4F6C1A00FD21A2 /* D2.m4a */,
				38D4245D1A4F6C1A00FD21A2 /* C2.m4a */,
				38D4245E1A4F6C1A00FD21A2 /* B6.m4a */,
				38D4245F1A4F6C1A00FD21A2 /* A6.m4a */,
				38D424601A4F6C1A00FD21A2 /* G6.m4a */,
				38D424611A4F6C1A00FD21A2 /* F6.m4a */,
				38D424621A4F6C1A00FD21A2 /* E6.m4a */,
				38D424631A4F6C1A00FD21A2 /* D6.m4a */,
				38D424641A4F6C1A00FD21A2 /* C6.m4a */,
				38D424651A4F6C1A00FD21A2 /* B5.m4a */,
				38D424661A4F6C1A00FD21A2 /* A5.m4a */,
				38D424671A4F6C1A00FD21A2 /* G5.m4a */,
				38D424681A4F6C1A00FD21A2 /* F5.m4a */,
				38D424691A4F6C1A00FD21A2 /* E5.m4a */,
				38D4246A1A4F6C1A00FD21A2 /* D5.m4a */,
				38D4246B1A4F6C1A00FD21A2 /* C5.m4a */,
				38D4246C1A4F6C1A00FD21A2 /* B4.m4a */,
				38D4246D1A4F6C1A00FD21A2 /* A4.m4a */,
				38D4246E1A4F6C1A00FD21A2 /* G4.m4a */,
				38D4246F1A4F6C1A00FD21A2 /* F4.m4a */,
				38D424701A4F6C1A00FD21A2 /* E4.m4a */,
				38D424711A4F6C1A00FD21A2 /* D4.m4a */,
				38D424721A4F6C1A00FD21A2 /* C4.m4a */,
				38D424731A4F6C1A00FD21A2 /* B3.m4a */,
				38D424741A4F6C1A00FD21A2 /* A3.m4a */,
				38D424751A4F6C1A00FD21A2 /* G3.m4a */,
				38D424761A4F6C1A00FD21A2 /* F3.m4a */,
				38D424771A4F6C1A00FD21A2 /* E3.m4a */,
				38D424781A4F6C1A00FD21A2 /* D3.m4a */,
				38D424791A4F6C1A00FD21A2 /* C3.m4a */,
				38520E4A1A3CD2480057C415 /* Extras */,
			);
			name = Sounds;
			sourceTree = "<group>";
		};
		38BDDCE81A20FAE8005035EE /* TRIPLE GRID */ = {
			isa = PBXGroup;
			children = (
				38BDDCDC1A20FA1D005035EE /* Grid-46.json */,
				38BDDCDE1A20FA29005035EE /* Grid-47.json */,
				38BDDCE01A20FA32005035EE /* Grid-48.json */,
				38BDDCE21A20FA3A005035EE /* Grid-49.json */,
				38BDDCE41A20FA50005035EE /* Grid-50.json */,
				38BDDCE91A20FB5E005035EE /* Grid-51.json */,
				38BDDCEB1A20FB67005035EE /* Grid-52.json */,
				38BDDCED1A20FB71005035EE /* Grid-53.json */,
				38BDDCEF1A20FB78005035EE /* Grid-54.json */,
				38BDDCF11A20FB80005035EE /* Grid-55.json */,
				38BDDCF31A20FB89005035EE /* Grid-56.json */,
				38BDDCF51A20FBA2005035EE /* Grid-57.json */,
				38BDDCF71A20FBAA005035EE /* Grid-58.json */,
				38BDDCF91A20FBB2005035EE /* Grid-59.json */,
				38BDDCFB1A20FBB8005035EE /* Grid-60.json */,
			);
			name = "TRIPLE GRID";
			sourceTree = "<group>";
		};
		38C0A8351A07251600C552F1 = {
			isa = PBXGroup;
			children = (
				38C0A8401A07251700C552F1 /* HexitSpriteKit */,
				38C0A85A1A07251700C552F1 /* HexitSpriteKitTests */,
				38C0A8671A07252E00C552F1 /* Frameworks */,
				38C0A83F1A07251700C552F1 /* Products */,
			);
			sourceTree = "<group>";
		};
		38C0A83F1A07251700C552F1 /* Products */ = {
			isa = PBXGroup;
			children = (
				38C0A83E1A07251700C552F1 /* Hexus.app */,
				38C0A8571A07251700C552F1 /* HexitSpriteKitTests.xctest */,
			);
			name = Products;
			sourceTree = "<group>";
		};
		38C0A8401A07251700C552F1 /* HexitSpriteKit */ = {
			isa = PBXGroup;
			children = (
				38C0A8451A07251700C552F1 /* AppDelegate.h */,
				38C0A8461A07251700C552F1 /* AppDelegate.m */,
				38C67CE61A0ABF0E0038526C /* HDConstants.h */,
				38C67CE71A0ABF0E0038526C /* HDConstants.m */,
				38C0A84E1A07251700C552F1 /* Images.xcassets */,
				38C0A8411A07251700C552F1 /* Supporting Files */,
				38C67CD11A0A29D80038526C /* Controller */,
				38C67CD21A0A29E70038526C /* Views */,
				38C67CD31A0A2A060038526C /* Model */,
			);
			path = HexitSpriteKit;
			sourceTree = "<group>";
		};
		38C0A8411A07251700C552F1 /* Supporting Files */ = {
			isa = PBXGroup;
			children = (
				38BDDCE71A20FACE005035EE /* Sounds */,
				38C0A86F1A07343600C552F1 /* Categories */,
				38C67CD41A0A2A290038526C /* Levels */,
				38C0A8421A07251700C552F1 /* Info.plist */,
				38C0A8431A07251700C552F1 /* main.m */,
				38C67CE51A0ABE820038526C /* Hexit-Prefix.pch */,
			);
			name = "Supporting Files";
			sourceTree = "<group>";
		};
		38C0A85A1A07251700C552F1 /* HexitSpriteKitTests */ = {
			isa = PBXGroup;
			children = (
				38C0A85D1A07251700C552F1 /* HexitSpriteKitTests.m */,
				38C0A85B1A07251700C552F1 /* Supporting Files */,
			);
			path = HexitSpriteKitTests;
			sourceTree = "<group>";
		};
		38C0A85B1A07251700C552F1 /* Supporting Files */ = {
			isa = PBXGroup;
			children = (
				38C0A85C1A07251700C552F1 /* Info.plist */,
			);
			name = "Supporting Files";
			sourceTree = "<group>";
		};
		38C0A8671A07252E00C552F1 /* Frameworks */ = {
			isa = PBXGroup;
			children = (
				389E94F51A47DE7F00F2DF05 /* CoreMotion.framework */,
				386CF5D81A383A98006A8381 /* AudioToolbox.framework */,
				38F919241A37BF6A00249361 /* iAd.framework */,
				38C122471A2C519D00224B33 /* QuartzCore.framework */,
				38C122451A2C4D8300224B33 /* AVFoundation.framework */,
				38BAF5271A1FE10B004D5660 /* GameKit.framework */,
				38C0A86A1A0726A300C552F1 /* SpriteKit.framework */,
			);
			name = Frameworks;
			path = HexitSpriteKit;
			sourceTree = "<group>";
		};
		38C0A86F1A07343600C552F1 /* Categories */ = {
			isa = PBXGroup;
			children = (
				38C67D2D1A0AF3960038526C /* NSMutableArray+UniqueAdditions.h */,
				38C67D2E1A0AF3960038526C /* NSMutableArray+UniqueAdditions.m */,
				38C67CDB1A0AB9350038526C /* UIColor+FlatColors.h */,
				38C67CDC1A0AB9350038526C /* UIColor+FlatColors.m */,
				38C0A8701A07348400C552F1 /* SKColor+HDColor.h */,
				38C0A8711A07348400C552F1 /* SKColor+HDColor.m */,
				386CF6271A3982BA006A8381 /* SKEmitterNode+EmitterAdditions.h */,
				386CF6281A3982BA006A8381 /* SKEmitterNode+EmitterAdditions.m */,
			);
			name = Categories;
			sourceTree = "<group>";
		};
		38C1221C1A2C1BF700224B33 /* EXTENDED TRIPLE */ = {
			isa = PBXGroup;
			children = (
				38C1221D1A2C1C1E00224B33 /* Grid-61.json */,
				38C1221F1A2C1C3D00224B33 /* Grid-62.json */,
				38C122211A2C1C4700224B33 /* Grid-63.json */,
				38C122231A2C1C4F00224B33 /* Grid-64.json */,
				38C122251A2C1C5600224B33 /* Grid-65.json */,
				38C122271A2C1C6000224B33 /* Grid-66.json */,
				38C122291A2C1C7A00224B33 /* Grid-67.json */,
				38C1222B1A2C1C8B00224B33 /* Grid-68.json */,
				38C1222D1A2C1C9400224B33 /* Grid-69.json */,
				38C1222F1A2C1CA200224B33 /* Grid-70.json */,
				38C122311A2C1CAA00224B33 /* Grid-71.json */,
				38C122331A2C1CB500224B33 /* Grid-72.json */,
				38C122351A2C1CBD00224B33 /* Grid-73.json */,
				38C122371A2C1CC300224B33 /* Grid-74.json */,
				38C122391A2C1CCB00224B33 /* Grid-75.json */,
				389E94F71A488D5100F2DF05 /* Grid-76.json */,
				389E94F91A488D5A00F2DF05 /* Grid-77.json */,
				389E94FB1A488D6300F2DF05 /* Grid-78.json */,
				389E94FD1A488D6E00F2DF05 /* Grid-79.json */,
				389E94FF1A488D7800F2DF05 /* Grid-80.json */,
				389E95011A488D8300F2DF05 /* Grid-81.json */,
				389E95031A488D8B00F2DF05 /* Grid-82.json */,
				389E95051A488D9800F2DF05 /* Grid-83.json */,
				3824A5DC1A538C3D00788E0E /* Grid-84.json */,
			);
			name = "EXTENDED TRIPLE";
			sourceTree = "<group>";
		};
		38C67CD11A0A29D80038526C /* Controller */ = {
			isa = PBXGroup;
			children = (
				38A50F2E1A57C69500DE9692 /* Game View Controllers */,
				38A50F2D1A57C67400DE9692 /* Tutorial View Controllers */,
				389E95411A4A126100F2DF05 /* Grid View Controllers */,
			);
			name = Controller;
			sourceTree = "<group>";
		};
		38C67CD21A0A29E70038526C /* Views */ = {
			isa = PBXGroup;
			children = (
				38C0A86C1A0727FA00C552F1 /* HDScene.h */,
				386CF5DA1A383AFC006A8381 /* HDScene.m */,
				38C0A8761A075FBA00C552F1 /* HDHexagonNode.h */,
				38C0A8771A075FBA00C552F1 /* HDHexagonNode.m */,
				3874B9A41A20736000400CEB /* HDAlertNode.h */,
				3874B9A51A20736000400CEB /* HDAlertNode.m */,
				38ABD5F01A4153A800C4321D /* HDHexagonButton.h */,
				38ABD5F11A4153A800C4321D /* HDHexagonButton.m */,
				38ABD5F51A420A3500C4321D /* HDHexagonControl.h */,
				38ABD5F61A420A3500C4321D /* HDHexagonControl.m */,
				3879FECA1A6108F8002C2E1A /* HexusLogo@2x.png */,
				389E94EE1A44A2F000F2DF05 /* HDGridScrollView.h */,
				389E94EF1A44A2F000F2DF05 /* HDGridScrollView.m */,
				389E953B1A496FF400F2DF05 /* HDLockedView.h */,
				389E953C1A496FF400F2DF05 /* HDLockedView.m */,
				389E95D51A4C1A7F00F2DF05 /* HDNavigationBar.h */,
				389E95D61A4C1A7F00F2DF05 /* HDNavigationBar.m */,
			);
			name = Views;
			sourceTree = "<group>";
		};
		38C67CD31A0A2A060038526C /* Model */ = {
			isa = PBXGroup;
			children = (
				38C67D291A0AEA550038526C /* Map */,
				38C1223B1A2C29DC00224B33 /* HDSoundManager.h */,
				38C1223C1A2C29DC00224B33 /* HDSoundManager.m */,
				38C67D2A1A0AEBD50038526C /* HDGameCenterManager.h */,
				38C67D2B1A0AEBD50038526C /* HDGameCenterManager.m */,
				38FDF9B31A1BEF1F005CCFE1 /* HDSettingsManager.h */,
				38FDF9B41A1BEF1F005CCFE1 /* HDSettingsManager.m */,
				38C0A8731A0758AC00C552F1 /* HDGridManager.h */,
				38C0A8741A0758AC00C552F1 /* HDGridManager.m */,
				38F5A6BB1A08014F0036750A /* HDHexagon.h */,
				38F5A6BC1A08014F0036750A /* HDHexagon.m */,
				3879FECC1A6113DA002C2E1A /* FillInTile@2x.png */,
				38C67CE11A0ABD050038526C /* HDHelper.h */,
				38C67CE21A0ABD050038526C /* HDHelper.m */,
				38C2E1391A2671F3008D5F33 /* HDLevelGenerator.h */,
				38C2E13A1A2671F3008D5F33 /* HDLevelGenerator.m */,
			);
			name = Model;
			sourceTree = "<group>";
		};
		38C67CD41A0A2A290038526C /* Levels */ = {
			isa = PBXGroup;
			children = (
				3874B98A1A2046D000400CEB /* REGULAR TILES */,
				3874B98B1A2046DF00400CEB /* DOUBLE TILES */,
				38BDDCE61A20FA86005035EE /* COUNT GRID */,
				38BDDCE81A20FAE8005035EE /* TRIPLE GRID */,
				38C1221C1A2C1BF700224B33 /* EXTENDED TRIPLE */,
			);
			name = Levels;
			sourceTree = "<group>";
		};
		38C67D291A0AEA550038526C /* Map */ = {
			isa = PBXGroup;
			children = (
				38C67D261A0AEA490038526C /* HDMapManager.h */,
				38C67D271A0AEA490038526C /* HDMapManager.m */,
				38F5A6B41A076B960036750A /* HDLevel.h */,
				38F5A6B51A076B960036750A /* HDLevel.m */,
			);
			name = Map;
			sourceTree = "<group>";
		};
/* End PBXGroup section */

/* Begin PBXNativeTarget section */
		38C0A83D1A07251700C552F1 /* HexitSpriteKit */ = {
			isa = PBXNativeTarget;
			buildConfigurationList = 38C0A8611A07251700C552F1 /* Build configuration list for PBXNativeTarget "HexitSpriteKit" */;
			buildPhases = (
				38C0A83A1A07251700C552F1 /* Sources */,
				38C0A83B1A07251700C552F1 /* Frameworks */,
				38C0A83C1A07251700C552F1 /* Resources */,
			);
			buildRules = (
			);
			dependencies = (
			);
			name = HexitSpriteKit;
			productName = HexitSpriteKit;
			productReference = 38C0A83E1A07251700C552F1 /* Hexus.app */;
			productType = "com.apple.product-type.application";
		};
		38C0A8561A07251700C552F1 /* HexitSpriteKitTests */ = {
			isa = PBXNativeTarget;
			buildConfigurationList = 38C0A8641A07251700C552F1 /* Build configuration list for PBXNativeTarget "HexitSpriteKitTests" */;
			buildPhases = (
				38C0A8531A07251700C552F1 /* Sources */,
				38C0A8541A07251700C552F1 /* Frameworks */,
				38C0A8551A07251700C552F1 /* Resources */,
			);
			buildRules = (
			);
			dependencies = (
				38C0A8591A07251700C552F1 /* PBXTargetDependency */,
			);
			name = HexitSpriteKitTests;
			productName = HexitSpriteKitTests;
			productReference = 38C0A8571A07251700C552F1 /* HexitSpriteKitTests.xctest */;
			productType = "com.apple.product-type.bundle.unit-test";
		};
/* End PBXNativeTarget section */

/* Begin PBXProject section */
		38C0A8361A07251600C552F1 /* Project object */ = {
			isa = PBXProject;
			attributes = {
				CLASSPREFIX = HD;
				LastUpgradeCheck = 0600;
				ORGANIZATIONNAME = "Evan William Ische";
				TargetAttributes = {
					38C0A83D1A07251700C552F1 = {
						CreatedOnToolsVersion = 6.0.1;
						DevelopmentTeam = 4AUVF6937L;
						SystemCapabilities = {
							com.apple.GameCenter = {
								enabled = 1;
							};
						};
					};
					38C0A8561A07251700C552F1 = {
						CreatedOnToolsVersion = 6.0.1;
						TestTargetID = 38C0A83D1A07251700C552F1;
					};
				};
			};
			buildConfigurationList = 38C0A8391A07251600C552F1 /* Build configuration list for PBXProject "HexitSpriteKit" */;
			compatibilityVersion = "Xcode 3.2";
			developmentRegion = English;
			hasScannedForEncodings = 0;
			knownRegions = (
				en,
				Base,
			);
			mainGroup = 38C0A8351A07251600C552F1;
			productRefGroup = 38C0A83F1A07251700C552F1 /* Products */;
			projectDirPath = "";
			projectRoot = "";
			targets = (
				38C0A83D1A07251700C552F1 /* HexitSpriteKit */,
				38C0A8561A07251700C552F1 /* HexitSpriteKitTests */,
			);
		};
/* End PBXProject section */

/* Begin PBXResourcesBuildPhase section */
		38C0A83C1A07251700C552F1 /* Resources */ = {
			isa = PBXResourcesBuildPhase;
			buildActionMask = 2147483647;
			files = (
				38D4247B1A4F6C1A00FD21A2 /* A2.m4a in Resources */,
				38C67D251A0AE4100038526C /* Grid-30.json in Resources */,
				38C122261A2C1C5600224B33 /* Grid-65.json in Resources */,
				38BDDCD91A20F9FE005035EE /* Grid-44.json in Resources */,
				38C67D151A0AE3B80038526C /* Grid-22.json in Resources */,
				38BDDCFC1A20FBB8005035EE /* Grid-60.json in Resources */,
				38C67CED1A0ACE040038526C /* Grid-2.json in Resources */,
				38C67CFB1A0ACE3C0038526C /* Grid-9.json in Resources */,
				38D4249A1A4F6C1A00FD21A2 /* E3.m4a in Resources */,
				38BDDCDB1A20FA07005035EE /* Grid-45.json in Resources */,
				38D424821A4F6C1A00FD21A2 /* A6.m4a in Resources */,
				38D4248A1A4F6C1A00FD21A2 /* G5.m4a in Resources */,
				38D424841A4F6C1A00FD21A2 /* F6.m4a in Resources */,
				38C67D211A0AE3FD0038526C /* Grid-28.json in Resources */,
				389E94FC1A488D6300F2DF05 /* Grid-78.json in Resources */,
				38D424881A4F6C1A00FD21A2 /* B5.m4a in Resources */,
				38D424801A4F6C1A00FD21A2 /* C2.m4a in Resources */,
				38C67CF11A0ACE150038526C /* Grid-4.json in Resources */,
				389E95001A488D7800F2DF05 /* Grid-80.json in Resources */,
				38D424971A4F6C1A00FD21A2 /* A3.m4a in Resources */,
				38D4249C1A4F6C1A00FD21A2 /* C3.m4a in Resources */,
				386CF62D1A3A250D006A8381 /* Mellowtron.mp3 in Resources */,
				38C67CEF1A0ACE0C0038526C /* Grid-3.json in Resources */,
				38D4247C1A4F6C1A00FD21A2 /* G2.m4a in Resources */,
				38D424961A4F6C1A00FD21A2 /* B3.m4a in Resources */,
				38C67CF91A0ACE340038526C /* Grid-8.json in Resources */,
				38C67D0B1A0AE3890038526C /* Grid-17.json in Resources */,
				38BDDCE51A20FA50005035EE /* Grid-50.json in Resources */,
				389E94FA1A488D5A00F2DF05 /* Grid-77.json in Resources */,
				38C122301A2C1CA200224B33 /* Grid-70.json in Resources */,
				38C67CFF1A0ACE4D0038526C /* Grid-11.json in Resources */,
				38C67D1F1A0AE3F30038526C /* Grid-27.json in Resources */,
				38C122201A2C1C3D00224B33 /* Grid-62.json in Resources */,
				38C67CF31A0ACE1D0038526C /* Grid-5.json in Resources */,
				389E95061A488D9800F2DF05 /* Grid-83.json in Resources */,
				38BDDCD51A20F9E4005035EE /* Grid-42.json in Resources */,
				38D424831A4F6C1A00FD21A2 /* G6.m4a in Resources */,
				38C122341A2C1CB500224B33 /* Grid-72.json in Resources */,
				38BDDCF61A20FBA2005035EE /* Grid-57.json in Resources */,
				389E95021A488D8300F2DF05 /* Grid-81.json in Resources */,
				38BDDCC51A20F965005035EE /* Grid-34.json in Resources */,
				38BDDCF21A20FB80005035EE /* Grid-55.json in Resources */,
				38BDDCBF1A20F93A005035EE /* Grid-31.json in Resources */,
				38D424851A4F6C1A00FD21A2 /* E6.m4a in Resources */,
				38C1223F1A2C2A0E00224B33 /* menuClicked.wav in Resources */,
				38D4248B1A4F6C1A00FD21A2 /* F5.m4a in Resources */,
				38D424941A4F6C1A00FD21A2 /* D4.m4a in Resources */,
				38BDDCD71A20F9F6005035EE /* Grid-43.json in Resources */,
				38D424901A4F6C1A00FD21A2 /* A4.m4a in Resources */,
				38BDDCF41A20FB89005035EE /* Grid-56.json in Resources */,
				38C67D111A0AE3A90038526C /* Grid-20.json in Resources */,
				38C67CFD1A0ACE450038526C /* Grid-10.json in Resources */,
				38BDDCFA1A20FBB2005035EE /* Grid-59.json in Resources */,
				38C67D0F1A0AE3A00038526C /* Grid-19.json in Resources */,
				38C1223A1A2C1CCB00224B33 /* Grid-75.json in Resources */,
				38D4248D1A4F6C1A00FD21A2 /* D5.m4a in Resources */,
				38C1222C1A2C1C8B00224B33 /* Grid-68.json in Resources */,
				38D4247A1A4F6C1A00FD21A2 /* B2.m4a in Resources */,
				38C67D231A0AE4060038526C /* Grid-29.json in Resources */,
				38BDDCEA1A20FB5E005035EE /* Grid-51.json in Resources */,
				38C67D1B1A0AE3DA0038526C /* Grid-25.json in Resources */,
				38C1222A1A2C1C7A00224B33 /* Grid-67.json in Resources */,
				38F5A6B91A07F2FA0036750A /* Grid-1.json in Resources */,
				38BDDCCF1A20F9BB005035EE /* Grid-39.json in Resources */,
				38D4247E1A4F6C1A00FD21A2 /* E2.m4a in Resources */,
				38BDDCD11A20F9C7005035EE /* Grid-40.json in Resources */,
				38BDDCDD1A20FA1D005035EE /* Grid-46.json in Resources */,
				38C67D091A0AE3820038526C /* Grid-16.json in Resources */,
				38C67D191A0AE3C90038526C /* Grid-24.json in Resources */,
				38BDDCCB1A20F991005035EE /* Grid-37.json in Resources */,
				38D4247F1A4F6C1A00FD21A2 /* D2.m4a in Resources */,
				38D424921A4F6C1A00FD21A2 /* F4.m4a in Resources */,
				38C67CF71A0ACE2C0038526C /* Grid-7.json in Resources */,
				38D424861A4F6C1A00FD21A2 /* D6.m4a in Resources */,
				38C122361A2C1CBD00224B33 /* Grid-73.json in Resources */,
				38C122321A2C1CAA00224B33 /* Grid-71.json in Resources */,
				38BDDCC31A20F94D005035EE /* Grid-33.json in Resources */,
				38C67CF51A0ACE230038526C /* Grid-6.json in Resources */,
				38BDDCC11A20F943005035EE /* Grid-32.json in Resources */,
				3824A5DD1A538C3D00788E0E /* Grid-84.json in Resources */,
				389E95041A488D8B00F2DF05 /* Grid-82.json in Resources */,
				38C1222E1A2C1C9400224B33 /* Grid-69.json in Resources */,
				38C122281A2C1C6000224B33 /* Grid-66.json in Resources */,
				38D424981A4F6C1A00FD21A2 /* G3.m4a in Resources */,
				38D424951A4F6C1A00FD21A2 /* C4.m4a in Resources */,
				386CF62F1A3B6FA5006A8381 /* win.mp3 in Resources */,
				38C0A84F1A07251700C552F1 /* Images.xcassets in Resources */,
				38D4248C1A4F6C1A00FD21A2 /* E5.m4a in Resources */,
				38C67D131A0AE3B00038526C /* Grid-21.json in Resources */,
				38D424891A4F6C1A00FD21A2 /* A5.m4a in Resources */,
				38D4248E1A4F6C1A00FD21A2 /* C5.m4a in Resources */,
				38BDDCE31A20FA3A005035EE /* Grid-49.json in Resources */,
				38C67D011A0ACE530038526C /* Grid-12.json in Resources */,
				3879FECD1A6113DA002C2E1A /* FillInTile@2x.png in Resources */,
				38C67D071A0ACE690038526C /* Grid-15.json in Resources */,
				38D4249B1A4F6C1A00FD21A2 /* D3.m4a in Resources */,
				38BDDCF81A20FBAA005035EE /* Grid-58.json in Resources */,
				38C67D171A0AE3C10038526C /* Grid-23.json in Resources */,
				38BDDCCD1A20F9B1005035EE /* Grid-38.json in Resources */,
				38C67D311A0B149F0038526C /* 104947__glaneur-de-sons__bubble-8.wav in Resources */,
				38C1221E1A2C1C1E00224B33 /* Grid-61.json in Resources */,
				38BDDCEE1A20FB71005035EE /* Grid-53.json in Resources */,
				38C67D1D1A0AE3E90038526C /* Grid-26.json in Resources */,
				38C122221A2C1C4700224B33 /* Grid-63.json in Resources */,
				38D424811A4F6C1A00FD21A2 /* B6.m4a in Resources */,
				38C67D031A0ACE5B0038526C /* Grid-13.json in Resources */,
				38BDDCC91A20F986005035EE /* Grid-36.json in Resources */,
				38D424911A4F6C1A00FD21A2 /* G4.m4a in Resources */,
				38BDDCF01A20FB78005035EE /* Grid-54.json in Resources */,
				38C67D0D1A0AE3990038526C /* Grid-18.json in Resources */,
				3879FECB1A6108F8002C2E1A /* HexusLogo@2x.png in Resources */,
				38BDDCC71A20F96D005035EE /* Grid-35.json in Resources */,
				38BDDCE11A20FA32005035EE /* Grid-48.json in Resources */,
				38BDDCEC1A20FB67005035EE /* Grid-52.json in Resources */,
				389E94F81A488D5100F2DF05 /* Grid-76.json in Resources */,
				38C67D051A0ACE620038526C /* Grid-14.json in Resources */,
				38BDDCDF1A20FA29005035EE /* Grid-47.json in Resources */,
				38BDDCD31A20F9D2005035EE /* Grid-41.json in Resources */,
				389E94FE1A488D6E00F2DF05 /* Grid-79.json in Resources */,
				38C122411A2C2EDE00224B33 /* Swooshed.mp3 in Resources */,
				38C122381A2C1CC300224B33 /* Grid-74.json in Resources */,
				38D424931A4F6C1A00FD21A2 /* E4.m4a in Resources */,
				38D424991A4F6C1A00FD21A2 /* F3.m4a in Resources */,
				38C122241A2C1C4F00224B33 /* Grid-64.json in Resources */,
				38D424871A4F6C1A00FD21A2 /* C6.m4a in Resources */,
				38D4247D1A4F6C1A00FD21A2 /* F2.m4a in Resources */,
				38D4248F1A4F6C1A00FD21A2 /* B4.m4a in Resources */,
			);
			runOnlyForDeploymentPostprocessing = 0;
		};
		38C0A8551A07251700C552F1 /* Resources */ = {
			isa = PBXResourcesBuildPhase;
			buildActionMask = 2147483647;
			files = (
			);
			runOnlyForDeploymentPostprocessing = 0;
		};
/* End PBXResourcesBuildPhase section */

/* Begin PBXSourcesBuildPhase section */
		38C0A83A1A07251700C552F1 /* Sources */ = {
			isa = PBXSourcesBuildPhase;
			buildActionMask = 2147483647;
			files = (
				389E95401A4A106200F2DF05 /* HDLockedViewController.m in Sources */,
				38F5A6B61A076B960036750A /* HDLevel.m in Sources */,
				38BAF5411A1FFC64004D5660 /* HDGridViewController.m in Sources */,
				38C0A84A1A07251700C552F1 /* HDGameViewController.m in Sources */,
				386CF5DB1A383AFC006A8381 /* HDScene.m in Sources */,
				38C0A8781A075FBA00C552F1 /* HDHexagonNode.m in Sources */,
				38C67CD71A0AB8D80038526C /* HDWelcomeViewController.m in Sources */,
				38C0A8471A07251700C552F1 /* AppDelegate.m in Sources */,
				389E95441A4A128100F2DF05 /* HDLevelsViewController.m in Sources */,
				38C0A8751A0758AC00C552F1 /* HDGridManager.m in Sources */,
				38FDF9B51A1BEF1F005CCFE1 /* HDSettingsManager.m in Sources */,
				38C67CDD1A0AB9350038526C /* UIColor+FlatColors.m in Sources */,
				38ABD5F71A420A3500C4321D /* HDHexagonControl.m in Sources */,
				389E95D71A4C1A7F00F2DF05 /* HDNavigationBar.m in Sources */,
				3874B9A61A20736000400CEB /* HDAlertNode.m in Sources */,
				38D070931A578F37009F18FB /* HDSettingsViewController.m in Sources */,
				38C67CE81A0ABF0E0038526C /* HDConstants.m in Sources */,
				38C67D2F1A0AF3960038526C /* NSMutableArray+UniqueAdditions.m in Sources */,
				38C0A8441A07251700C552F1 /* main.m in Sources */,
				38C0A8721A07348400C552F1 /* SKColor+HDColor.m in Sources */,
				38F5A6BD1A08014F0036750A /* HDHexagon.m in Sources */,
				38A50F291A57C66100DE9692 /* HDTutorialParentViewController.m in Sources */,
				389E94F01A44A2F000F2DF05 /* HDGridScrollView.m in Sources */,
				38C67CE31A0ABD050038526C /* HDHelper.m in Sources */,
				38C67D281A0AEA490038526C /* HDMapManager.m in Sources */,
				386CF6291A3982BA006A8381 /* SKEmitterNode+EmitterAdditions.m in Sources */,
				38C2E13B1A2671F3008D5F33 /* HDLevelGenerator.m in Sources */,
				389E953D1A496FF400F2DF05 /* HDLockedView.m in Sources */,
				38C67D2C1A0AEBD50038526C /* HDGameCenterManager.m in Sources */,
				38A50F2C1A57C66E00DE9692 /* HDTutorialChildViewController.m in Sources */,
				38C1223D1A2C29DC00224B33 /* HDSoundManager.m in Sources */,
				38ABD5F21A4153A800C4321D /* HDHexagonButton.m in Sources */,
			);
			runOnlyForDeploymentPostprocessing = 0;
		};
		38C0A8531A07251700C552F1 /* Sources */ = {
			isa = PBXSourcesBuildPhase;
			buildActionMask = 2147483647;
			files = (
				38C0A85E1A07251700C552F1 /* HexitSpriteKitTests.m in Sources */,
			);
			runOnlyForDeploymentPostprocessing = 0;
		};
/* End PBXSourcesBuildPhase section */

/* Begin PBXTargetDependency section */
		38C0A8591A07251700C552F1 /* PBXTargetDependency */ = {
			isa = PBXTargetDependency;
			target = 38C0A83D1A07251700C552F1 /* HexitSpriteKit */;
			targetProxy = 38C0A8581A07251700C552F1 /* PBXContainerItemProxy */;
		};
/* End PBXTargetDependency section */

/* Begin XCBuildConfiguration section */
		38C0A85F1A07251700C552F1 /* Debug */ = {
			isa = XCBuildConfiguration;
			buildSettings = {
				ALWAYS_SEARCH_USER_PATHS = NO;
				CLANG_CXX_LANGUAGE_STANDARD = "gnu++0x";
				CLANG_CXX_LIBRARY = "libc++";
				CLANG_ENABLE_MODULES = YES;
				CLANG_ENABLE_OBJC_ARC = YES;
				CLANG_WARN_BOOL_CONVERSION = YES;
				CLANG_WARN_CONSTANT_CONVERSION = YES;
				CLANG_WARN_DIRECT_OBJC_ISA_USAGE = YES_ERROR;
				CLANG_WARN_EMPTY_BODY = YES;
				CLANG_WARN_ENUM_CONVERSION = YES;
				CLANG_WARN_INT_CONVERSION = YES;
				CLANG_WARN_OBJC_ROOT_CLASS = YES_ERROR;
				CLANG_WARN_UNREACHABLE_CODE = YES;
				CLANG_WARN__DUPLICATE_METHOD_MATCH = YES;
				"CODE_SIGN_IDENTITY[sdk=iphoneos*]" = "iPhone Developer";
				COPY_PHASE_STRIP = NO;
				ENABLE_STRICT_OBJC_MSGSEND = YES;
				GCC_C_LANGUAGE_STANDARD = gnu99;
				GCC_DYNAMIC_NO_PIC = NO;
				GCC_OPTIMIZATION_LEVEL = 0;
				GCC_PREPROCESSOR_DEFINITIONS = (
					"DEBUG=1",
					"$(inherited)",
				);
				GCC_SYMBOLS_PRIVATE_EXTERN = NO;
				GCC_WARN_64_TO_32_BIT_CONVERSION = YES;
				GCC_WARN_ABOUT_RETURN_TYPE = YES_ERROR;
				GCC_WARN_UNDECLARED_SELECTOR = YES;
				GCC_WARN_UNINITIALIZED_AUTOS = YES_AGGRESSIVE;
				GCC_WARN_UNUSED_FUNCTION = YES;
				GCC_WARN_UNUSED_VARIABLE = YES;
				IPHONEOS_DEPLOYMENT_TARGET = 8.0;
				MTL_ENABLE_DEBUG_INFO = YES;
				ONLY_ACTIVE_ARCH = YES;
				SDKROOT = iphoneos;
			};
			name = Debug;
		};
		38C0A8601A07251700C552F1 /* Release */ = {
			isa = XCBuildConfiguration;
			buildSettings = {
				ALWAYS_SEARCH_USER_PATHS = NO;
				CLANG_CXX_LANGUAGE_STANDARD = "gnu++0x";
				CLANG_CXX_LIBRARY = "libc++";
				CLANG_ENABLE_MODULES = YES;
				CLANG_ENABLE_OBJC_ARC = YES;
				CLANG_WARN_BOOL_CONVERSION = YES;
				CLANG_WARN_CONSTANT_CONVERSION = YES;
				CLANG_WARN_DIRECT_OBJC_ISA_USAGE = YES_ERROR;
				CLANG_WARN_EMPTY_BODY = YES;
				CLANG_WARN_ENUM_CONVERSION = YES;
				CLANG_WARN_INT_CONVERSION = YES;
				CLANG_WARN_OBJC_ROOT_CLASS = YES_ERROR;
				CLANG_WARN_UNREACHABLE_CODE = YES;
				CLANG_WARN__DUPLICATE_METHOD_MATCH = YES;
				"CODE_SIGN_IDENTITY[sdk=iphoneos*]" = "iPhone Developer";
				COPY_PHASE_STRIP = YES;
				ENABLE_NS_ASSERTIONS = NO;
				ENABLE_STRICT_OBJC_MSGSEND = YES;
				GCC_C_LANGUAGE_STANDARD = gnu99;
				GCC_WARN_64_TO_32_BIT_CONVERSION = YES;
				GCC_WARN_ABOUT_RETURN_TYPE = YES_ERROR;
				GCC_WARN_UNDECLARED_SELECTOR = YES;
				GCC_WARN_UNINITIALIZED_AUTOS = YES_AGGRESSIVE;
				GCC_WARN_UNUSED_FUNCTION = YES;
				GCC_WARN_UNUSED_VARIABLE = YES;
				IPHONEOS_DEPLOYMENT_TARGET = 8.0;
				MTL_ENABLE_DEBUG_INFO = NO;
				SDKROOT = iphoneos;
				VALIDATE_PRODUCT = YES;
			};
			name = Release;
		};
		38C0A8621A07251700C552F1 /* Debug */ = {
			isa = XCBuildConfiguration;
			buildSettings = {
				ASSETCATALOG_COMPILER_APPICON_NAME = AppIcon;
				ASSETCATALOG_COMPILER_LAUNCHIMAGE_NAME = LaunchImage;
				CODE_SIGN_IDENTITY = "iPhone Developer";
				"CODE_SIGN_IDENTITY[sdk=iphoneos*]" = "iPhone Developer";
				GCC_PREFIX_HEADER = "HexitSpriteKit/Hexit-Prefix.pch";
				INFOPLIST_FILE = HexitSpriteKit/Info.plist;
				IPHONEOS_DEPLOYMENT_TARGET = 7.0;
				LD_RUNPATH_SEARCH_PATHS = "$(inherited) @executable_path/Frameworks";
				PRODUCT_NAME = Hexus;
				PROVISIONING_PROFILE = "";
			};
			name = Debug;
		};
		38C0A8631A07251700C552F1 /* Release */ = {
			isa = XCBuildConfiguration;
			buildSettings = {
				ASSETCATALOG_COMPILER_APPICON_NAME = AppIcon;
				ASSETCATALOG_COMPILER_LAUNCHIMAGE_NAME = LaunchImage;
				CODE_SIGN_IDENTITY = "iPhone Developer";
				"CODE_SIGN_IDENTITY[sdk=iphoneos*]" = "iPhone Developer";
				GCC_PREFIX_HEADER = "HexitSpriteKit/Hexit-Prefix.pch";
				INFOPLIST_FILE = HexitSpriteKit/Info.plist;
				IPHONEOS_DEPLOYMENT_TARGET = 7.0;
				LD_RUNPATH_SEARCH_PATHS = "$(inherited) @executable_path/Frameworks";
				PRODUCT_NAME = Hexus;
				PROVISIONING_PROFILE = "";
			};
			name = Release;
		};
		38C0A8651A07251700C552F1 /* Debug */ = {
			isa = XCBuildConfiguration;
			buildSettings = {
				BUNDLE_LOADER = "$(TEST_HOST)";
				FRAMEWORK_SEARCH_PATHS = (
					"$(SDKROOT)/Developer/Library/Frameworks",
					"$(inherited)",
				);
				GCC_PREPROCESSOR_DEFINITIONS = (
					"DEBUG=1",
					"$(inherited)",
				);
				INFOPLIST_FILE = HexitSpriteKitTests/Info.plist;
				LD_RUNPATH_SEARCH_PATHS = "$(inherited) @executable_path/Frameworks @loader_path/Frameworks";
				PRODUCT_NAME = "$(TARGET_NAME)";
				TEST_HOST = "$(BUILT_PRODUCTS_DIR)/HexitSpriteKit.app/HexitSpriteKit";
			};
			name = Debug;
		};
		38C0A8661A07251700C552F1 /* Release */ = {
			isa = XCBuildConfiguration;
			buildSettings = {
				BUNDLE_LOADER = "$(TEST_HOST)";
				FRAMEWORK_SEARCH_PATHS = (
					"$(SDKROOT)/Developer/Library/Frameworks",
					"$(inherited)",
				);
				INFOPLIST_FILE = HexitSpriteKitTests/Info.plist;
				LD_RUNPATH_SEARCH_PATHS = "$(inherited) @executable_path/Frameworks @loader_path/Frameworks";
				PRODUCT_NAME = "$(TARGET_NAME)";
				TEST_HOST = "$(BUILT_PRODUCTS_DIR)/HexitSpriteKit.app/HexitSpriteKit";
			};
			name = Release;
		};
/* End XCBuildConfiguration section */

/* Begin XCConfigurationList section */
		38C0A8391A07251600C552F1 /* Build configuration list for PBXProject "HexitSpriteKit" */ = {
			isa = XCConfigurationList;
			buildConfigurations = (
				38C0A85F1A07251700C552F1 /* Debug */,
				38C0A8601A07251700C552F1 /* Release */,
			);
			defaultConfigurationIsVisible = 0;
			defaultConfigurationName = Release;
		};
		38C0A8611A07251700C552F1 /* Build configuration list for PBXNativeTarget "HexitSpriteKit" */ = {
			isa = XCConfigurationList;
			buildConfigurations = (
				38C0A8621A07251700C552F1 /* Debug */,
				38C0A8631A07251700C552F1 /* Release */,
			);
			defaultConfigurationIsVisible = 0;
			defaultConfigurationName = Release;
		};
		38C0A8641A07251700C552F1 /* Build configuration list for PBXNativeTarget "HexitSpriteKitTests" */ = {
			isa = XCConfigurationList;
			buildConfigurations = (
				38C0A8651A07251700C552F1 /* Debug */,
				38C0A8661A07251700C552F1 /* Release */,
			);
			defaultConfigurationIsVisible = 0;
			defaultConfigurationName = Release;
		};
/* End XCConfigurationList section */
	};
	rootObject = 38C0A8361A07251600C552F1 /* Project object */;
}
